// !$*UTF8*$!
{
	archiveVersion = 1;
	classes = {
	};
	objectVersion = 46;
	objects = {

/* Begin PBXBuildFile section */
		281FB47F176694640071511D /* Main.storyboard in Resources */ = {isa = PBXBuildFile; fileRef = 281FB47D176694640071511D /* Main.storyboard */; };
		28365599139FE71B00D09100 /* ReadMe.txt in Resources */ = {isa = PBXBuildFile; fileRef = 28365598139FE71B00D09100 /* ReadMe.txt */; };
		5DBA2A9919C232E200530F7A /* Launch.storyboard in Resources */ = {isa = PBXBuildFile; fileRef = 5DBA2A9719C232E200530F7A /* Launch.storyboard */; };
		6F096BFA157ED5110075E328 /* ImageIO.framework in Frameworks */ = {isa = PBXBuildFile; fileRef = 6F096BF9157ED5110075E328 /* ImageIO.framework */; };
		6F90DDDA1395CAAA00125BDA /* UIKit.framework in Frameworks */ = {isa = PBXBuildFile; fileRef = 6F90DDD91395CAAA00125BDA /* UIKit.framework */; };
		6F90DDDC1395CAAA00125BDA /* Foundation.framework in Frameworks */ = {isa = PBXBuildFile; fileRef = 6F90DDDB1395CAAA00125BDA /* Foundation.framework */; };
		6F90DDDE1395CAAA00125BDA /* CoreGraphics.framework in Frameworks */ = {isa = PBXBuildFile; fileRef = 6F90DDDD1395CAAA00125BDA /* CoreGraphics.framework */; };
		6F90DDE41395CAAA00125BDA /* InfoPlist.strings in Resources */ = {isa = PBXBuildFile; fileRef = 6F90DDE21395CAAA00125BDA /* InfoPlist.strings */; };
		6F90DDE61395CAAA00125BDA /* main.m in Sources */ = {isa = PBXBuildFile; fileRef = 6F90DDE51395CAAA00125BDA /* main.m */; };
		6F90DDEA1395CAAA00125BDA /* LaputaAppDelegate.m in Sources */ = {isa = PBXBuildFile; fileRef = 6F90DDE91395CAAA00125BDA /* LaputaAppDelegate.m */; };
		6F90DDEC1395CAAA00125BDA /* LaputaViewController.h in Resources */ = {isa = PBXBuildFile; fileRef = 6F90DDEB1395CAAA00125BDA /* LaputaViewController.h */; };
		6F90DDEE1395CAAA00125BDA /* LaputaViewController.m in Sources */ = {isa = PBXBuildFile; fileRef = 6F90DDED1395CAAA00125BDA /* LaputaViewController.m */; };
		6F90DDFF1395CCB600125BDA /* AVFoundation.framework in Frameworks */ = {isa = PBXBuildFile; fileRef = 6F90DDFE1395CCB600125BDA /* AVFoundation.framework */; };
		6F90DE011395CCBE00125BDA /* AssetsLibrary.framework in Frameworks */ = {isa = PBXBuildFile; fileRef = 6F90DE001395CCBE00125BDA /* AssetsLibrary.framework */; };
		6F90DE051395CCD100125BDA /* OpenGLES.framework in Frameworks */ = {isa = PBXBuildFile; fileRef = 6F90DE041395CCD100125BDA /* OpenGLES.framework */; };
		6F90DE071395CCE000125BDA /* CoreVideo.framework in Frameworks */ = {isa = PBXBuildFile; fileRef = 6F90DE061395CCE000125BDA /* CoreVideo.framework */; };
		6F90DE091395CCEA00125BDA /* QuartzCore.framework in Frameworks */ = {isa = PBXBuildFile; fileRef = 6F90DE081395CCEA00125BDA /* QuartzCore.framework */; };
		6F90DE0B1395CCF500125BDA /* CoreMedia.framework in Frameworks */ = {isa = PBXBuildFile; fileRef = 6F90DE0A1395CCF500125BDA /* CoreMedia.framework */; };
		6F90DE141395CD9C00125BDA /* LaputaCapturePipeline.m in Sources */ = {isa = PBXBuildFile; fileRef = 6F90DE0F1395CD9C00125BDA /* LaputaCapturePipeline.m */; };
		6FF11C8E16A8779D00E14D71 /* MovieRecorder.m in Sources */ = {isa = PBXBuildFile; fileRef = 6FF11C8A16A8779D00E14D71 /* MovieRecorder.m */; };
		6FF11C8F16A8779D00E14D71 /* OpenGLPixelBufferView.m in Sources */ = {isa = PBXBuildFile; fileRef = 6FF11C8C16A8779D00E14D71 /* OpenGLPixelBufferView.m */; };
		6FF11C9516A877B100E14D71 /* matrix.c in Sources */ = {isa = PBXBuildFile; fileRef = 6FF11C9116A877B100E14D71 /* matrix.c */; };
		6FF11C9616A877B100E14D71 /* ShaderUtilities.c in Sources */ = {isa = PBXBuildFile; fileRef = 6FF11C9316A877B100E14D71 /* ShaderUtilities.c */; };
		7214DBCE182AEF8900EA3F99 /* Images.xcassets in Resources */ = {isa = PBXBuildFile; fileRef = 7214DBCD182AEF8900EA3F99 /* Images.xcassets */; };
		891082511ACF0BC300D5314C /* libjpeg.a in Frameworks */ = {isa = PBXBuildFile; fileRef = 8910824C1ACF0BC300D5314C /* libjpeg.a */; };
		891082521ACF0BC300D5314C /* libMagickCore.a in Frameworks */ = {isa = PBXBuildFile; fileRef = 8910824D1ACF0BC300D5314C /* libMagickCore.a */; };
		891082531ACF0BC300D5314C /* libMagickWand.a in Frameworks */ = {isa = PBXBuildFile; fileRef = 8910824E1ACF0BC300D5314C /* libMagickWand.a */; };
		891082541ACF0BC300D5314C /* libpng.a in Frameworks */ = {isa = PBXBuildFile; fileRef = 8910824F1ACF0BC300D5314C /* libpng.a */; };
		891082551ACF0BC300D5314C /* libtiff.a in Frameworks */ = {isa = PBXBuildFile; fileRef = 891082501ACF0BC300D5314C /* libtiff.a */; };
		8910825A1ACF114500D5314C /* mesh.cpp in Sources */ = {isa = PBXBuildFile; fileRef = 891082561ACF114500D5314C /* mesh.cpp */; };
		8910825B1ACF114500D5314C /* texture.cpp in Sources */ = {isa = PBXBuildFile; fileRef = 891082581ACF114500D5314C /* texture.cpp */; };
		8910825F1ACF14B800D5314C /* 3dGlassesFragmentShader.fsh in Resources */ = {isa = PBXBuildFile; fileRef = 8910825D1ACF14B800D5314C /* 3dGlassesFragmentShader.fsh */; };
		891082601ACF14B800D5314C /* 3dGlassesVertexShader.vsh in Resources */ = {isa = PBXBuildFile; fileRef = 8910825E1ACF14B800D5314C /* 3dGlassesVertexShader.vsh */; };
		891082621ACF49C400D5314C /* exportAll.dae in Resources */ = {isa = PBXBuildFile; fileRef = 891082611ACF49C400D5314C /* exportAll.dae */; };
		89120A241AC9FEAD0086174B /* Laputa3dGlassesRenderer.mm in Sources */ = {isa = PBXBuildFile; fileRef = 89120A231AC9FEAD0086174B /* Laputa3dGlassesRenderer.mm */; };
		89120A281AC9FED80086174B /* LaputaScreenRenderer.m in Sources */ = {isa = PBXBuildFile; fileRef = 89120A271AC9FED80086174B /* LaputaScreenRenderer.m */; };
		89120A2B1AC9FFA60086174B /* Tools.m in Sources */ = {isa = PBXBuildFile; fileRef = 89120A2A1AC9FFA60086174B /* Tools.m */; };
		89120A2F1ACA011B0086174B /* myFilter.fsh in Resources */ = {isa = PBXBuildFile; fileRef = 89120A2D1ACA011B0086174B /* myFilter.fsh */; };
		89120A301ACA011B0086174B /* myFilter.vsh in Resources */ = {isa = PBXBuildFile; fileRef = 89120A2E1ACA011B0086174B /* myFilter.vsh */; };
		89120A371ACA04660086174B /* libassimp.a in Frameworks */ = {isa = PBXBuildFile; fileRef = 89120A361ACA04660086174B /* libassimp.a */; };
		892DA8C81ACA101B00ABA31E /* libz.dylib in Frameworks */ = {isa = PBXBuildFile; fileRef = 892DA8C71ACA101B00ABA31E /* libz.dylib */; };
		892DA8CD1ACA1A2600ABA31E /* GLKit.framework in Frameworks */ = {isa = PBXBuildFile; fileRef = 892DA8CC1ACA1A2600ABA31E /* GLKit.framework */; };
		892DA8F41ACDCECE00ABA31E /* CoreImage.framework in Frameworks */ = {isa = PBXBuildFile; fileRef = 171999D919C7695800A719B5 /* CoreImage.framework */; };
		895417711B4DAA0E0058B5C9 /* RanGlasses.dae in Resources */ = {isa = PBXBuildFile; fileRef = 8954176E1B4DAA0E0058B5C9 /* RanGlasses.dae */; };
		895417721B4DAA0E0058B5C9 /* RanGlasses.mtl in Resources */ = {isa = PBXBuildFile; fileRef = 8954176F1B4DAA0E0058B5C9 /* RanGlasses.mtl */; };
		895417731B4DAA0E0058B5C9 /* RanGlasses.obj in Resources */ = {isa = PBXBuildFile; fileRef = 895417701B4DAA0E0058B5C9 /* RanGlasses.obj */; };
		895589BB1AF97FBD0019374C /* haarcascade_frontalface_default.xml in Resources */ = {isa = PBXBuildFile; fileRef = 895589B61AF97FBD0019374C /* haarcascade_frontalface_default.xml */; };
		895589BC1AF97FBD0019374C /* m1.txt in Resources */ = {isa = PBXBuildFile; fileRef = 895589B71AF97FBD0019374C /* m1.txt */; };
		895589BD1AF97FBD0019374C /* m2.txt in Resources */ = {isa = PBXBuildFile; fileRef = 895589B81AF97FBD0019374C /* m2.txt */; };
		895589BE1AF97FBD0019374C /* m3.txt in Resources */ = {isa = PBXBuildFile; fileRef = 895589B91AF97FBD0019374C /* m3.txt */; };
		895589BF1AF97FBD0019374C /* m4.txt in Resources */ = {isa = PBXBuildFile; fileRef = 895589BA1AF97FBD0019374C /* m4.txt */; };
		895656A01ACE0551004AE70A /* SimpleFragmentShaderF.fragmentshader in Resources */ = {isa = PBXBuildFile; fileRef = 8956569C1ACE0551004AE70A /* SimpleFragmentShaderF.fragmentshader */; };
		895656A11ACE0551004AE70A /* SimpleFragmentShaderL.fragmentshader in Resources */ = {isa = PBXBuildFile; fileRef = 8956569D1ACE0551004AE70A /* SimpleFragmentShaderL.fragmentshader */; };
		895656A21ACE0551004AE70A /* SimpleVertexShaderF.vertexshader in Resources */ = {isa = PBXBuildFile; fileRef = 8956569E1ACE0551004AE70A /* SimpleVertexShaderF.vertexshader */; };
		895656A31ACE0551004AE70A /* SimpleVertexShaderL.vertexshader in Resources */ = {isa = PBXBuildFile; fileRef = 8956569F1ACE0551004AE70A /* SimpleVertexShaderL.vertexshader */; };
		895656BC1ACE0672004AE70A /* LaputaSimpleGlassesRenderer.mm in Sources */ = {isa = PBXBuildFile; fileRef = 895656BB1ACE0672004AE70A /* LaputaSimpleGlassesRenderer.mm */; };
		895656D21ACE08A1004AE70A /* SimpleGlasses.obj in Resources */ = {isa = PBXBuildFile; fileRef = 895656D11ACE08A1004AE70A /* SimpleGlasses.obj */; };
		895656DE1ACE08AD004AE70A /* logo1.jpg in Resources */ = {isa = PBXBuildFile; fileRef = 895656D51ACE08AC004AE70A /* logo1.jpg */; };
		895656DF1ACE08AD004AE70A /* logo1flipped.jpg in Resources */ = {isa = PBXBuildFile; fileRef = 895656D61ACE08AC004AE70A /* logo1flipped.jpg */; };
		895656E01ACE08AD004AE70A /* logo1flippedSmall.jpg in Resources */ = {isa = PBXBuildFile; fileRef = 895656D71ACE08AC004AE70A /* logo1flippedSmall.jpg */; };
		895656E11ACE08AD004AE70A /* logo1small.jpg in Resources */ = {isa = PBXBuildFile; fileRef = 895656D81ACE08AC004AE70A /* logo1small.jpg */; };
		8968D38D1B1CCCCF00FAFBDC /* glUtilities.cpp in Sources */ = {isa = PBXBuildFile; fileRef = 8968D38B1B1CCCCF00FAFBDC /* glUtilities.cpp */; };
		896E7E211ADC789F0002205C /* Brooklyn_Bridge_Planks_1k.hdr in Resources */ = {isa = PBXBuildFile; fileRef = 896E7E201ADC789F0002205C /* Brooklyn_Bridge_Planks_1k.hdr */; };
		899A5E831B03DBE300A080FF /* glasses.cpp in Sources */ = {isa = PBXBuildFile; fileRef = 899A5E821B03DBE300A080FF /* glasses.cpp */; };
		899A5E971B167E8100A080FF /* facelist_184.wfm in Resources */ = {isa = PBXBuildFile; fileRef = 899A5E951B167E8100A080FF /* facelist_184.wfm */; };
		899A5E981B167E8100A080FF /* vertexlist_113.wfm in Resources */ = {isa = PBXBuildFile; fileRef = 899A5E961B167E8100A080FF /* vertexlist_113.wfm */; };
		899A5E9B1B167EA100A080FF /* candide3.cpp in Sources */ = {isa = PBXBuildFile; fileRef = 899A5E991B167EA100A080FF /* candide3.cpp */; };
		899A5F181B18F33300A080FF /* candide3Texture.cpp in Sources */ = {isa = PBXBuildFile; fileRef = 899A5F161B18F33300A080FF /* candide3Texture.cpp */; };
		89B05A8C1B23AB49004D4106 /* blackGlasses.obj in Resources */ = {isa = PBXBuildFile; fileRef = 89B05A8A1B23AB49004D4106 /* blackGlasses.obj */; };
		89B05A8D1B23AB49004D4106 /* purpleglasses.obj in Resources */ = {isa = PBXBuildFile; fileRef = 89B05A8B1B23AB49004D4106 /* purpleglasses.obj */; };
		89B2EB6C1AD2F7D200D1E27E /* ranTry2.mtl in Resources */ = {isa = PBXBuildFile; fileRef = 89B2EB6A1AD2F7D200D1E27E /* ranTry2.mtl */; };
		89B2EB6D1AD2F7D200D1E27E /* ranTry2.obj in Resources */ = {isa = PBXBuildFile; fileRef = 89B2EB6B1AD2F7D200D1E27E /* ranTry2.obj */; };
		89B2EB701AD2FF9000D1E27E /* color.cpp in Sources */ = {isa = PBXBuildFile; fileRef = 89B2EB6E1AD2FF9000D1E27E /* color.cpp */; };
		89B2EB7F1AD7488F00D1E27E /* ramp1-nurbsToPoly1.png in Resources */ = {isa = PBXBuildFile; fileRef = 89B2EB7E1AD7488F00D1E27E /* ramp1-nurbsToPoly1.png */; };
		89B2EB881AD87DDA00D1E27E /* reflectionTexture.cpp in Sources */ = {isa = PBXBuildFile; fileRef = 89B2EB861AD87DDA00D1E27E /* reflectionTexture.cpp */; };
		89DDECB41B1E388800722506 /* Launch Screen.xib in Resources */ = {isa = PBXBuildFile; fileRef = 89DDECB21B1E388800722506 /* Launch Screen.xib */; };
		89DDECB61B1E3AA100722506 /* 640*1136.png in Resources */ = {isa = PBXBuildFile; fileRef = 89DDECB51B1E3AA100722506 /* 640*1136.png */; };
		89DDF75B1AFC2153006222A4 /* CVAnalyzerOperation.mm in Sources */ = {isa = PBXBuildFile; fileRef = 89DDF75A1AFC2153006222A4 /* CVAnalyzerOperation.mm */; };
		89DDF7861AFD2EC9006222A4 /* libCVAnalyzerLib.a in Frameworks */ = {isa = PBXBuildFile; fileRef = 89DDF7851AFD2EC9006222A4 /* libCVAnalyzerLib.a */; };
		89DDF78C1B012765006222A4 /* opencv2.framework in Frameworks */ = {isa = PBXBuildFile; fileRef = 892DA8EE1ACB649A00ABA31E /* opencv2.framework */; };
		89F003FD1AC9C7F500D8EC6D /* LaputaApp-Info.plist in Resources */ = {isa = PBXBuildFile; fileRef = 89F003FC1AC9C7F500D8EC6D /* LaputaApp-Info.plist */; };
/* End PBXBuildFile section */

/* Begin PBXFileReference section */
		171999D919C7695800A719B5 /* CoreImage.framework */ = {isa = PBXFileReference; lastKnownFileType = wrapper.framework; name = CoreImage.framework; path = System/Library/Frameworks/CoreImage.framework; sourceTree = SDKROOT; };
		269351C0156CB42100512474 /* CoreMotion.framework */ = {isa = PBXFileReference; lastKnownFileType = wrapper.framework; name = CoreMotion.framework; path = System/Library/Frameworks/CoreMotion.framework; sourceTree = SDKROOT; };
		281FB47E176694640071511D /* en */ = {isa = PBXFileReference; lastKnownFileType = file.storyboard; name = en; path = Resources/en.lproj/Main.storyboard; sourceTree = SOURCE_ROOT; };
		28365598139FE71B00D09100 /* ReadMe.txt */ = {isa = PBXFileReference; fileEncoding = 4; lastKnownFileType = text; path = ReadMe.txt; sourceTree = "<group>"; };
		5DBA2A9819C232E200530F7A /* en */ = {isa = PBXFileReference; lastKnownFileType = file.storyboard; name = en; path = Resources/en.lproj/Launch.storyboard; sourceTree = SOURCE_ROOT; };
		6F096BF9157ED5110075E328 /* ImageIO.framework */ = {isa = PBXFileReference; lastKnownFileType = wrapper.framework; name = ImageIO.framework; path = System/Library/Frameworks/ImageIO.framework; sourceTree = SDKROOT; };
		6F90DDD51395CAAA00125BDA /* LaputaOpenGL.app */ = {isa = PBXFileReference; explicitFileType = wrapper.application; includeInIndex = 0; path = LaputaOpenGL.app; sourceTree = BUILT_PRODUCTS_DIR; };
		6F90DDD91395CAAA00125BDA /* UIKit.framework */ = {isa = PBXFileReference; lastKnownFileType = wrapper.framework; name = UIKit.framework; path = System/Library/Frameworks/UIKit.framework; sourceTree = SDKROOT; };
		6F90DDDB1395CAAA00125BDA /* Foundation.framework */ = {isa = PBXFileReference; lastKnownFileType = wrapper.framework; name = Foundation.framework; path = System/Library/Frameworks/Foundation.framework; sourceTree = SDKROOT; };
		6F90DDDD1395CAAA00125BDA /* CoreGraphics.framework */ = {isa = PBXFileReference; lastKnownFileType = wrapper.framework; name = CoreGraphics.framework; path = System/Library/Frameworks/CoreGraphics.framework; sourceTree = SDKROOT; };
		6F90DDE31395CAAA00125BDA /* en */ = {isa = PBXFileReference; lastKnownFileType = text.plist.strings; name = en; path = en.lproj/InfoPlist.strings; sourceTree = "<group>"; };
		6F90DDE51395CAAA00125BDA /* main.m */ = {isa = PBXFileReference; lastKnownFileType = sourcecode.c.objc; name = main.m; path = ../main.m; sourceTree = "<group>"; };
		6F90DDE81395CAAA00125BDA /* LaputaAppDelegate.h */ = {isa = PBXFileReference; lastKnownFileType = sourcecode.c.h; lineEnding = 0; path = LaputaAppDelegate.h; sourceTree = "<group>"; xcLanguageSpecificationIdentifier = xcode.lang.objcpp; };
		6F90DDE91395CAAA00125BDA /* LaputaAppDelegate.m */ = {isa = PBXFileReference; lastKnownFileType = sourcecode.c.objc; path = LaputaAppDelegate.m; sourceTree = "<group>"; };
		6F90DDEB1395CAAA00125BDA /* LaputaViewController.h */ = {isa = PBXFileReference; lastKnownFileType = sourcecode.c.h; path = LaputaViewController.h; sourceTree = "<group>"; };
		6F90DDED1395CAAA00125BDA /* LaputaViewController.m */ = {isa = PBXFileReference; lastKnownFileType = sourcecode.c.objc; lineEnding = 0; path = LaputaViewController.m; sourceTree = "<group>"; xcLanguageSpecificationIdentifier = xcode.lang.objc; };
		6F90DDFE1395CCB600125BDA /* AVFoundation.framework */ = {isa = PBXFileReference; lastKnownFileType = wrapper.framework; name = AVFoundation.framework; path = System/Library/Frameworks/AVFoundation.framework; sourceTree = SDKROOT; };
		6F90DE001395CCBE00125BDA /* AssetsLibrary.framework */ = {isa = PBXFileReference; lastKnownFileType = wrapper.framework; name = AssetsLibrary.framework; path = System/Library/Frameworks/AssetsLibrary.framework; sourceTree = SDKROOT; };
		6F90DE041395CCD100125BDA /* OpenGLES.framework */ = {isa = PBXFileReference; lastKnownFileType = wrapper.framework; name = OpenGLES.framework; path = System/Library/Frameworks/OpenGLES.framework; sourceTree = SDKROOT; };
		6F90DE061395CCE000125BDA /* CoreVideo.framework */ = {isa = PBXFileReference; lastKnownFileType = wrapper.framework; name = CoreVideo.framework; path = System/Library/Frameworks/CoreVideo.framework; sourceTree = SDKROOT; };
		6F90DE081395CCEA00125BDA /* QuartzCore.framework */ = {isa = PBXFileReference; lastKnownFileType = wrapper.framework; name = QuartzCore.framework; path = System/Library/Frameworks/QuartzCore.framework; sourceTree = SDKROOT; };
		6F90DE0A1395CCF500125BDA /* CoreMedia.framework */ = {isa = PBXFileReference; lastKnownFileType = wrapper.framework; name = CoreMedia.framework; path = System/Library/Frameworks/CoreMedia.framework; sourceTree = SDKROOT; };
		6F90DE0E1395CD9C00125BDA /* LaputaCapturePipeline.h */ = {isa = PBXFileReference; fileEncoding = 4; lastKnownFileType = sourcecode.c.h; lineEnding = 0; path = LaputaCapturePipeline.h; sourceTree = "<group>"; xcLanguageSpecificationIdentifier = xcode.lang.objcpp; };
		6F90DE0F1395CD9C00125BDA /* LaputaCapturePipeline.m */ = {isa = PBXFileReference; fileEncoding = 4; lastKnownFileType = sourcecode.c.objc; lineEnding = 0; path = LaputaCapturePipeline.m; sourceTree = "<group>"; xcLanguageSpecificationIdentifier = xcode.lang.objc; };
		6FF11C8916A8779D00E14D71 /* MovieRecorder.h */ = {isa = PBXFileReference; fileEncoding = 4; lastKnownFileType = sourcecode.c.h; name = MovieRecorder.h; path = Utilities/MovieRecorder.h; sourceTree = "<group>"; };
		6FF11C8A16A8779D00E14D71 /* MovieRecorder.m */ = {isa = PBXFileReference; fileEncoding = 4; lastKnownFileType = sourcecode.c.objc; lineEnding = 0; name = MovieRecorder.m; path = Utilities/MovieRecorder.m; sourceTree = "<group>"; xcLanguageSpecificationIdentifier = xcode.lang.objc; };
		6FF11C8B16A8779D00E14D71 /* OpenGLPixelBufferView.h */ = {isa = PBXFileReference; fileEncoding = 4; lastKnownFileType = sourcecode.c.h; name = OpenGLPixelBufferView.h; path = Utilities/OpenGLPixelBufferView.h; sourceTree = "<group>"; };
		6FF11C8C16A8779D00E14D71 /* OpenGLPixelBufferView.m */ = {isa = PBXFileReference; fileEncoding = 4; lastKnownFileType = sourcecode.c.objc; name = OpenGLPixelBufferView.m; path = Utilities/OpenGLPixelBufferView.m; sourceTree = "<group>"; };
		6FF11C9116A877B100E14D71 /* matrix.c */ = {isa = PBXFileReference; fileEncoding = 4; lastKnownFileType = sourcecode.c.c; name = matrix.c; path = Utilities/GL/matrix.c; sourceTree = "<group>"; };
		6FF11C9216A877B100E14D71 /* matrix.h */ = {isa = PBXFileReference; fileEncoding = 4; lastKnownFileType = sourcecode.c.h; name = matrix.h; path = Utilities/GL/matrix.h; sourceTree = "<group>"; };
		6FF11C9316A877B100E14D71 /* ShaderUtilities.c */ = {isa = PBXFileReference; fileEncoding = 4; lastKnownFileType = sourcecode.c.c; name = ShaderUtilities.c; path = Utilities/GL/ShaderUtilities.c; sourceTree = "<group>"; };
		6FF11C9416A877B100E14D71 /* ShaderUtilities.h */ = {isa = PBXFileReference; fileEncoding = 4; lastKnownFileType = sourcecode.c.h; name = ShaderUtilities.h; path = Utilities/GL/ShaderUtilities.h; sourceTree = "<group>"; };
		7214DBCD182AEF8900EA3F99 /* Images.xcassets */ = {isa = PBXFileReference; lastKnownFileType = folder.assetcatalog; name = Images.xcassets; path = Resources/Images.xcassets; sourceTree = SOURCE_ROOT; };
		8910824C1ACF0BC300D5314C /* libjpeg.a */ = {isa = PBXFileReference; lastKnownFileType = archive.ar; name = libjpeg.a; path = "thirdpartylib/iOSMagick-6.8.8-9-libs/libjpeg.a"; sourceTree = "<group>"; };
		8910824D1ACF0BC300D5314C /* libMagickCore.a */ = {isa = PBXFileReference; lastKnownFileType = archive.ar; name = libMagickCore.a; path = "thirdpartylib/iOSMagick-6.8.8-9-libs/libMagickCore.a"; sourceTree = "<group>"; };
		8910824E1ACF0BC300D5314C /* libMagickWand.a */ = {isa = PBXFileReference; lastKnownFileType = archive.ar; name = libMagickWand.a; path = "thirdpartylib/iOSMagick-6.8.8-9-libs/libMagickWand.a"; sourceTree = "<group>"; };
		8910824F1ACF0BC300D5314C /* libpng.a */ = {isa = PBXFileReference; lastKnownFileType = archive.ar; name = libpng.a; path = "thirdpartylib/iOSMagick-6.8.8-9-libs/libpng.a"; sourceTree = "<group>"; };
		891082501ACF0BC300D5314C /* libtiff.a */ = {isa = PBXFileReference; lastKnownFileType = archive.ar; name = libtiff.a; path = "thirdpartylib/iOSMagick-6.8.8-9-libs/libtiff.a"; sourceTree = "<group>"; };
		891082561ACF114500D5314C /* mesh.cpp */ = {isa = PBXFileReference; fileEncoding = 4; lastKnownFileType = sourcecode.cpp.cpp; name = mesh.cpp; path = Utilities/GL/mesh.cpp; sourceTree = "<group>"; };
		891082571ACF114500D5314C /* mesh.h */ = {isa = PBXFileReference; fileEncoding = 4; lastKnownFileType = sourcecode.c.h; name = mesh.h; path = Utilities/GL/mesh.h; sourceTree = "<group>"; };
		891082581ACF114500D5314C /* texture.cpp */ = {isa = PBXFileReference; fileEncoding = 4; lastKnownFileType = sourcecode.cpp.cpp; name = texture.cpp; path = Utilities/GL/texture.cpp; sourceTree = "<group>"; };
		891082591ACF114500D5314C /* texture.h */ = {isa = PBXFileReference; fileEncoding = 4; lastKnownFileType = sourcecode.c.h; name = texture.h; path = Utilities/GL/texture.h; sourceTree = "<group>"; };
		8910825D1ACF14B800D5314C /* 3dGlassesFragmentShader.fsh */ = {isa = PBXFileReference; fileEncoding = 4; lastKnownFileType = sourcecode.glsl; name = 3dGlassesFragmentShader.fsh; path = Resources/Shaders/3dGlasses/3dGlassesFragmentShader.fsh; sourceTree = SOURCE_ROOT; };
		8910825E1ACF14B800D5314C /* 3dGlassesVertexShader.vsh */ = {isa = PBXFileReference; fileEncoding = 4; lastKnownFileType = sourcecode.glsl; name = 3dGlassesVertexShader.vsh; path = Resources/Shaders/3dGlasses/3dGlassesVertexShader.vsh; sourceTree = SOURCE_ROOT; };
		891082611ACF49C400D5314C /* exportAll.dae */ = {isa = PBXFileReference; fileEncoding = 4; lastKnownFileType = text.xml.dae; name = exportAll.dae; path = Resources/3dmodels/3dGlasses/exportAll.dae; sourceTree = SOURCE_ROOT; };
		89120A221AC9FEAD0086174B /* Laputa3dGlassesRenderer.hh */ = {isa = PBXFileReference; fileEncoding = 4; lastKnownFileType = sourcecode.cpp.h; name = Laputa3dGlassesRenderer.hh; path = Renderers/Laputa3dGlassesRenderer.hh; sourceTree = "<group>"; };
		89120A231AC9FEAD0086174B /* Laputa3dGlassesRenderer.mm */ = {isa = PBXFileReference; fileEncoding = 4; lastKnownFileType = sourcecode.cpp.objcpp; name = Laputa3dGlassesRenderer.mm; path = Renderers/Laputa3dGlassesRenderer.mm; sourceTree = "<group>"; };
		89120A251AC9FED80086174B /* LaputaRenderer.h */ = {isa = PBXFileReference; fileEncoding = 4; lastKnownFileType = sourcecode.c.h; name = LaputaRenderer.h; path = Renderers/LaputaRenderer.h; sourceTree = "<group>"; };
		89120A261AC9FED80086174B /* LaputaScreenRenderer.h */ = {isa = PBXFileReference; fileEncoding = 4; lastKnownFileType = sourcecode.c.h; name = LaputaScreenRenderer.h; path = Renderers/LaputaScreenRenderer.h; sourceTree = "<group>"; };
		89120A271AC9FED80086174B /* LaputaScreenRenderer.m */ = {isa = PBXFileReference; fileEncoding = 4; lastKnownFileType = sourcecode.c.objc; name = LaputaScreenRenderer.m; path = Renderers/LaputaScreenRenderer.m; sourceTree = "<group>"; };
		89120A291AC9FFA60086174B /* Tools.h */ = {isa = PBXFileReference; fileEncoding = 4; lastKnownFileType = sourcecode.c.h; name = Tools.h; path = Utilities/Tools.h; sourceTree = "<group>"; };
		89120A2A1AC9FFA60086174B /* Tools.m */ = {isa = PBXFileReference; fileEncoding = 4; lastKnownFileType = sourcecode.c.objc; name = Tools.m; path = Utilities/Tools.m; sourceTree = "<group>"; };
		89120A2D1ACA011B0086174B /* myFilter.fsh */ = {isa = PBXFileReference; fileEncoding = 4; lastKnownFileType = sourcecode.glsl; name = myFilter.fsh; path = Resources/Shaders/ColorFilters/myFilter.fsh; sourceTree = SOURCE_ROOT; };
		89120A2E1ACA011B0086174B /* myFilter.vsh */ = {isa = PBXFileReference; fileEncoding = 4; lastKnownFileType = sourcecode.glsl; name = myFilter.vsh; path = Resources/Shaders/ColorFilters/myFilter.vsh; sourceTree = SOURCE_ROOT; };
		89120A361ACA04660086174B /* libassimp.a */ = {isa = PBXFileReference; lastKnownFileType = archive.ar; name = libassimp.a; path = thirdpartylib/libassimp/lib/libassimp.a; sourceTree = "<group>"; };
		892DA8C71ACA101B00ABA31E /* libz.dylib */ = {isa = PBXFileReference; lastKnownFileType = "compiled.mach-o.dylib"; name = libz.dylib; path = usr/lib/libz.dylib; sourceTree = SDKROOT; };
		892DA8CC1ACA1A2600ABA31E /* GLKit.framework */ = {isa = PBXFileReference; lastKnownFileType = wrapper.framework; name = GLKit.framework; path = System/Library/Frameworks/GLKit.framework; sourceTree = SDKROOT; };
		892DA8EE1ACB649A00ABA31E /* opencv2.framework */ = {isa = PBXFileReference; lastKnownFileType = wrapper.framework; name = opencv2.framework; path = thirdpartylib/opencv/opencv2.framework; sourceTree = "<group>"; };
		89334C321AF9937C00A6F851 /* LaputaApp-Prefix.pch */ = {isa = PBXFileReference; fileEncoding = 4; lastKnownFileType = sourcecode.c.h; path = "LaputaApp-Prefix.pch"; sourceTree = "<group>"; };
		8954176E1B4DAA0E0058B5C9 /* RanGlasses.dae */ = {isa = PBXFileReference; fileEncoding = 4; lastKnownFileType = text.xml.dae; name = RanGlasses.dae; path = Resources/3dmodels/3dGlasses/RanGlasses.dae; sourceTree = SOURCE_ROOT; };
		8954176F1B4DAA0E0058B5C9 /* RanGlasses.mtl */ = {isa = PBXFileReference; fileEncoding = 4; lastKnownFileType = text; name = RanGlasses.mtl; path = Resources/3dmodels/3dGlasses/RanGlasses.mtl; sourceTree = SOURCE_ROOT; };
		895417701B4DAA0E0058B5C9 /* RanGlasses.obj */ = {isa = PBXFileReference; fileEncoding = 4; lastKnownFileType = text; name = RanGlasses.obj; path = Resources/3dmodels/3dGlasses/RanGlasses.obj; sourceTree = SOURCE_ROOT; };
		895589B61AF97FBD0019374C /* haarcascade_frontalface_default.xml */ = {isa = PBXFileReference; fileEncoding = 4; lastKnownFileType = text.xml; name = haarcascade_frontalface_default.xml; path = Resources/Model/haarcascade_frontalface_default.xml; sourceTree = SOURCE_ROOT; };
		895589B71AF97FBD0019374C /* m1.txt */ = {isa = PBXFileReference; fileEncoding = 4; lastKnownFileType = text; name = m1.txt; path = Resources/Model/m1.txt; sourceTree = SOURCE_ROOT; };
		895589B81AF97FBD0019374C /* m2.txt */ = {isa = PBXFileReference; fileEncoding = 4; lastKnownFileType = text; name = m2.txt; path = Resources/Model/m2.txt; sourceTree = SOURCE_ROOT; };
		895589B91AF97FBD0019374C /* m3.txt */ = {isa = PBXFileReference; fileEncoding = 4; lastKnownFileType = text; name = m3.txt; path = Resources/Model/m3.txt; sourceTree = SOURCE_ROOT; };
		895589BA1AF97FBD0019374C /* m4.txt */ = {isa = PBXFileReference; fileEncoding = 4; lastKnownFileType = text; name = m4.txt; path = Resources/Model/m4.txt; sourceTree = SOURCE_ROOT; };
		8956569C1ACE0551004AE70A /* SimpleFragmentShaderF.fragmentshader */ = {isa = PBXFileReference; fileEncoding = 4; lastKnownFileType = text; path = SimpleFragmentShaderF.fragmentshader; sourceTree = "<group>"; };
		8956569D1ACE0551004AE70A /* SimpleFragmentShaderL.fragmentshader */ = {isa = PBXFileReference; fileEncoding = 4; lastKnownFileType = text; path = SimpleFragmentShaderL.fragmentshader; sourceTree = "<group>"; };
		8956569E1ACE0551004AE70A /* SimpleVertexShaderF.vertexshader */ = {isa = PBXFileReference; fileEncoding = 4; lastKnownFileType = text; path = SimpleVertexShaderF.vertexshader; sourceTree = "<group>"; };
		8956569F1ACE0551004AE70A /* SimpleVertexShaderL.vertexshader */ = {isa = PBXFileReference; fileEncoding = 4; lastKnownFileType = text; path = SimpleVertexShaderL.vertexshader; sourceTree = "<group>"; };
		895656BA1ACE0672004AE70A /* LaputaSimpleGlassesRenderer.hh */ = {isa = PBXFileReference; fileEncoding = 4; lastKnownFileType = sourcecode.cpp.h; name = LaputaSimpleGlassesRenderer.hh; path = Renderers/LaputaSimpleGlassesRenderer.hh; sourceTree = "<group>"; };
		895656BB1ACE0672004AE70A /* LaputaSimpleGlassesRenderer.mm */ = {isa = PBXFileReference; fileEncoding = 4; lastKnownFileType = sourcecode.cpp.objcpp; name = LaputaSimpleGlassesRenderer.mm; path = Renderers/LaputaSimpleGlassesRenderer.mm; sourceTree = "<group>"; };
		895656D11ACE08A1004AE70A /* SimpleGlasses.obj */ = {isa = PBXFileReference; fileEncoding = 4; lastKnownFileType = text; name = SimpleGlasses.obj; path = Resources/3dmodels/SimpleGlasses/SimpleGlasses.obj; sourceTree = SOURCE_ROOT; };
		895656D51ACE08AC004AE70A /* logo1.jpg */ = {isa = PBXFileReference; lastKnownFileType = image.jpeg; name = logo1.jpg; path = Resources/3dmodels/3dGlasses/logo1.jpg; sourceTree = SOURCE_ROOT; };
		895656D61ACE08AC004AE70A /* logo1flipped.jpg */ = {isa = PBXFileReference; lastKnownFileType = image.jpeg; name = logo1flipped.jpg; path = Resources/3dmodels/3dGlasses/logo1flipped.jpg; sourceTree = SOURCE_ROOT; };
		895656D71ACE08AC004AE70A /* logo1flippedSmall.jpg */ = {isa = PBXFileReference; lastKnownFileType = image.jpeg; name = logo1flippedSmall.jpg; path = Resources/3dmodels/3dGlasses/logo1flippedSmall.jpg; sourceTree = SOURCE_ROOT; };
		895656D81ACE08AC004AE70A /* logo1small.jpg */ = {isa = PBXFileReference; lastKnownFileType = image.jpeg; name = logo1small.jpg; path = Resources/3dmodels/3dGlasses/logo1small.jpg; sourceTree = SOURCE_ROOT; };
		8968D38B1B1CCCCF00FAFBDC /* glUtilities.cpp */ = {isa = PBXFileReference; fileEncoding = 4; lastKnownFileType = sourcecode.cpp.cpp; name = glUtilities.cpp; path = Utilities/GL/glUtilities.cpp; sourceTree = "<group>"; };
		8968D38C1B1CCCCF00FAFBDC /* glUtilities.h */ = {isa = PBXFileReference; fileEncoding = 4; lastKnownFileType = sourcecode.c.h; name = glUtilities.h; path = Utilities/GL/glUtilities.h; sourceTree = "<group>"; };
		896E7E201ADC789F0002205C /* Brooklyn_Bridge_Planks_1k.hdr */ = {isa = PBXFileReference; lastKnownFileType = file; name = Brooklyn_Bridge_Planks_1k.hdr; path = Resources/3dmodels/3dGlasses/Brooklyn_Bridge_Planks_1k.hdr; sourceTree = SOURCE_ROOT; };
		899A5E671B03D1E400A080FF /* platform.h */ = {isa = PBXFileReference; fileEncoding = 4; lastKnownFileType = sourcecode.c.h; path = platform.h; sourceTree = SOURCE_ROOT; };
		899A5E811B03DA4F00A080FF /* glasses.h */ = {isa = PBXFileReference; lastKnownFileType = sourcecode.c.h; name = glasses.h; path = Utilities/GL/glasses.h; sourceTree = "<group>"; };
		899A5E821B03DBE300A080FF /* glasses.cpp */ = {isa = PBXFileReference; fileEncoding = 4; lastKnownFileType = sourcecode.cpp.cpp; name = glasses.cpp; path = Utilities/GL/glasses.cpp; sourceTree = "<group>"; };
		899A5E871B050A9D00A080FF /* err.h */ = {isa = PBXFileReference; lastKnownFileType = sourcecode.c.h; name = err.h; path = Utilities/GL/err.h; sourceTree = "<group>"; };
		899A5E951B167E8100A080FF /* facelist_184.wfm */ = {isa = PBXFileReference; fileEncoding = 4; lastKnownFileType = text; name = facelist_184.wfm; path = Resources/3dmodels/Candide3/facelist_184.wfm; sourceTree = SOURCE_ROOT; };
		899A5E961B167E8100A080FF /* vertexlist_113.wfm */ = {isa = PBXFileReference; fileEncoding = 4; lastKnownFileType = text; name = vertexlist_113.wfm; path = Resources/3dmodels/Candide3/vertexlist_113.wfm; sourceTree = SOURCE_ROOT; };
		899A5E991B167EA100A080FF /* candide3.cpp */ = {isa = PBXFileReference; fileEncoding = 4; lastKnownFileType = sourcecode.cpp.cpp; name = candide3.cpp; path = Utilities/GL/candide3.cpp; sourceTree = "<group>"; };
		899A5E9A1B167EA100A080FF /* candide3.h */ = {isa = PBXFileReference; fileEncoding = 4; lastKnownFileType = sourcecode.c.h; name = candide3.h; path = Utilities/GL/candide3.h; sourceTree = "<group>"; };
		899A5EA21B1690D300A080FF /* unit.h */ = {isa = PBXFileReference; fileEncoding = 4; lastKnownFileType = sourcecode.c.h; name = unit.h; path = Utilities/GL/unit.h; sourceTree = "<group>"; };
		899A5F161B18F33300A080FF /* candide3Texture.cpp */ = {isa = PBXFileReference; fileEncoding = 4; lastKnownFileType = sourcecode.cpp.cpp; name = candide3Texture.cpp; path = Utilities/GL/candide3Texture.cpp; sourceTree = "<group>"; };
		899A5F171B18F33300A080FF /* candide3Texture.h */ = {isa = PBXFileReference; fileEncoding = 4; lastKnownFileType = sourcecode.c.h; name = candide3Texture.h; path = Utilities/GL/candide3Texture.h; sourceTree = "<group>"; };
		89B05A8A1B23AB49004D4106 /* blackGlasses.obj */ = {isa = PBXFileReference; fileEncoding = 4; lastKnownFileType = text; path = blackGlasses.obj; sourceTree = "<group>"; };
		89B05A8B1B23AB49004D4106 /* purpleglasses.obj */ = {isa = PBXFileReference; fileEncoding = 4; lastKnownFileType = text; path = purpleglasses.obj; sourceTree = "<group>"; };
		89B2EB6A1AD2F7D200D1E27E /* ranTry2.mtl */ = {isa = PBXFileReference; fileEncoding = 4; lastKnownFileType = text; name = ranTry2.mtl; path = Resources/3dmodels/SimpleGlasses/ranTry2.mtl; sourceTree = SOURCE_ROOT; };
		89B2EB6B1AD2F7D200D1E27E /* ranTry2.obj */ = {isa = PBXFileReference; fileEncoding = 4; lastKnownFileType = text; name = ranTry2.obj; path = Resources/3dmodels/SimpleGlasses/ranTry2.obj; sourceTree = SOURCE_ROOT; };
		89B2EB6E1AD2FF9000D1E27E /* color.cpp */ = {isa = PBXFileReference; fileEncoding = 4; lastKnownFileType = sourcecode.cpp.cpp; name = color.cpp; path = Utilities/GL/color.cpp; sourceTree = "<group>"; };
		89B2EB6F1AD2FF9000D1E27E /* color.h */ = {isa = PBXFileReference; fileEncoding = 4; lastKnownFileType = sourcecode.c.h; name = color.h; path = Utilities/GL/color.h; sourceTree = "<group>"; };
		89B2EB721AD2FFB900D1E27E /* material.h */ = {isa = PBXFileReference; fileEncoding = 4; lastKnownFileType = sourcecode.c.h; name = material.h; path = Utilities/GL/material.h; sourceTree = "<group>"; };
		89B2EB7E1AD7488F00D1E27E /* ramp1-nurbsToPoly1.png */ = {isa = PBXFileReference; lastKnownFileType = image.png; name = "ramp1-nurbsToPoly1.png"; path = "Resources/3dmodels/3dGlasses/ramp1-nurbsToPoly1.png"; sourceTree = SOURCE_ROOT; };
		89B2EB861AD87DDA00D1E27E /* reflectionTexture.cpp */ = {isa = PBXFileReference; fileEncoding = 4; lastKnownFileType = sourcecode.cpp.cpp; name = reflectionTexture.cpp; path = Utilities/GL/reflectionTexture.cpp; sourceTree = "<group>"; };
		89B2EB871AD87DDA00D1E27E /* reflectionTexture.h */ = {isa = PBXFileReference; fileEncoding = 4; lastKnownFileType = sourcecode.c.h; name = reflectionTexture.h; path = Utilities/GL/reflectionTexture.h; sourceTree = "<group>"; };
		89DDECB31B1E388800722506 /* en */ = {isa = PBXFileReference; lastKnownFileType = file.xib; name = en; path = "Resources/en.lproj/Launch Screen.xib"; sourceTree = SOURCE_ROOT; };
		89DDECB51B1E3AA100722506 /* 640*1136.png */ = {isa = PBXFileReference; lastKnownFileType = image.png; path = "640*1136.png"; sourceTree = "<group>"; };
		89DDF7591AFC2153006222A4 /* CVAnalyzerOperation.hh */ = {isa = PBXFileReference; fileEncoding = 4; lastKnownFileType = sourcecode.cpp.h; name = CVAnalyzerOperation.hh; path = CV/CVAnalyzerOperation.hh; sourceTree = "<group>"; };
		89DDF75A1AFC2153006222A4 /* CVAnalyzerOperation.mm */ = {isa = PBXFileReference; fileEncoding = 4; lastKnownFileType = sourcecode.cpp.objcpp; name = CVAnalyzerOperation.mm; path = CV/CVAnalyzerOperation.mm; sourceTree = "<group>"; };
		89DDF7851AFD2EC9006222A4 /* libCVAnalyzerLib.a */ = {isa = PBXFileReference; lastKnownFileType = archive.ar; name = libCVAnalyzerLib.a; path = thirdpartylib/cvanalyzer/lib/libCVAnalyzerLib.a; sourceTree = "<group>"; };
		89DDF7871AFD6E53006222A4 /* opencv2.framework */ = {isa = PBXFileReference; lastKnownFileType = wrapper.framework; name = opencv2.framework; path = thirdpartylib/opencv3/opencv2.framework; sourceTree = "<group>"; };
		89F003FC1AC9C7F500D8EC6D /* LaputaApp-Info.plist */ = {isa = PBXFileReference; fileEncoding = 4; lastKnownFileType = text.plist.xml; path = "LaputaApp-Info.plist"; sourceTree = SOURCE_ROOT; };
/* End PBXFileReference section */

/* Begin PBXFrameworksBuildPhase section */
		6F90DDD21395CAAA00125BDA /* Frameworks */ = {
			isa = PBXFrameworksBuildPhase;
			buildActionMask = 2147483647;
			files = (
				89DDF7861AFD2EC9006222A4 /* libCVAnalyzerLib.a in Frameworks */,
				891082511ACF0BC300D5314C /* libjpeg.a in Frameworks */,
				891082521ACF0BC300D5314C /* libMagickCore.a in Frameworks */,
				891082531ACF0BC300D5314C /* libMagickWand.a in Frameworks */,
				891082541ACF0BC300D5314C /* libpng.a in Frameworks */,
				891082551ACF0BC300D5314C /* libtiff.a in Frameworks */,
				89DDF78C1B012765006222A4 /* opencv2.framework in Frameworks */,
				892DA8F41ACDCECE00ABA31E /* CoreImage.framework in Frameworks */,
				892DA8CD1ACA1A2600ABA31E /* GLKit.framework in Frameworks */,
				892DA8C81ACA101B00ABA31E /* libz.dylib in Frameworks */,
				89120A371ACA04660086174B /* libassimp.a in Frameworks */,
				6F096BFA157ED5110075E328 /* ImageIO.framework in Frameworks */,
				6F90DE0B1395CCF500125BDA /* CoreMedia.framework in Frameworks */,
				6F90DE091395CCEA00125BDA /* QuartzCore.framework in Frameworks */,
				6F90DE071395CCE000125BDA /* CoreVideo.framework in Frameworks */,
				6F90DDDE1395CAAA00125BDA /* CoreGraphics.framework in Frameworks */,
				6F90DE051395CCD100125BDA /* OpenGLES.framework in Frameworks */,
				6F90DE011395CCBE00125BDA /* AssetsLibrary.framework in Frameworks */,
				6F90DDFF1395CCB600125BDA /* AVFoundation.framework in Frameworks */,
				6F90DDDA1395CAAA00125BDA /* UIKit.framework in Frameworks */,
				6F90DDDC1395CAAA00125BDA /* Foundation.framework in Frameworks */,
			);
			runOnlyForDeploymentPostprocessing = 0;
		};
/* End PBXFrameworksBuildPhase section */

/* Begin PBXGroup section */
		262D247E17177837000E1DBA /* Shaders */ = {
			isa = PBXGroup;
			children = (
				8910825C1ACF144800D5314C /* 3dGlasses */,
				89120A311ACA01750086174B /* SimpleGlasses */,
				89120A2C1ACA010B0086174B /* ColorFilters */,
			);
			name = Shaders;
			sourceTree = "<group>";
		};
		5DC09BF119B7F51B0025A16E /* Renderers */ = {
			isa = PBXGroup;
			children = (
				89120A251AC9FED80086174B /* LaputaRenderer.h */,
				89120A261AC9FED80086174B /* LaputaScreenRenderer.h */,
				89120A271AC9FED80086174B /* LaputaScreenRenderer.m */,
				895656BA1ACE0672004AE70A /* LaputaSimpleGlassesRenderer.hh */,
				895656BB1ACE0672004AE70A /* LaputaSimpleGlassesRenderer.mm */,
				89120A221AC9FEAD0086174B /* Laputa3dGlassesRenderer.hh */,
				89120A231AC9FEAD0086174B /* Laputa3dGlassesRenderer.mm */,
			);
			name = Renderers;
			sourceTree = "<group>";
		};
		6F90DDCA1395CAAA00125BDA = {
			isa = PBXGroup;
			children = (
				89334C321AF9937C00A6F851 /* LaputaApp-Prefix.pch */,
				28365598139FE71B00D09100 /* ReadMe.txt */,
				6F90DDDF1395CAAA00125BDA /* Classes */,
				6FF11C8616A8778500E14D71 /* Utilities */,
				AF052D151422BCEA00CD2D66 /* Other Sources */,
				6F90DDE01395CAAA00125BDA /* Resources */,
				6F90DDD81395CAAA00125BDA /* Frameworks */,
				6F90DDD61395CAAA00125BDA /* Products */,
			);
			sourceTree = "<group>";
		};
		6F90DDD61395CAAA00125BDA /* Products */ = {
			isa = PBXGroup;
			children = (
				6F90DDD51395CAAA00125BDA /* LaputaOpenGL.app */,
			);
			name = Products;
			sourceTree = "<group>";
		};
		6F90DDD81395CAAA00125BDA /* Frameworks */ = {
			isa = PBXGroup;
			children = (
				89DDF7871AFD6E53006222A4 /* opencv2.framework */,
				89DDF7851AFD2EC9006222A4 /* libCVAnalyzerLib.a */,
				8910824C1ACF0BC300D5314C /* libjpeg.a */,
				8910824D1ACF0BC300D5314C /* libMagickCore.a */,
				8910824E1ACF0BC300D5314C /* libMagickWand.a */,
				8910824F1ACF0BC300D5314C /* libpng.a */,
				891082501ACF0BC300D5314C /* libtiff.a */,
				892DA8EE1ACB649A00ABA31E /* opencv2.framework */,
				892DA8CC1ACA1A2600ABA31E /* GLKit.framework */,
				892DA8C71ACA101B00ABA31E /* libz.dylib */,
				89120A361ACA04660086174B /* libassimp.a */,
				171999D919C7695800A719B5 /* CoreImage.framework */,
				6F90DE001395CCBE00125BDA /* AssetsLibrary.framework */,
				6F90DDFE1395CCB600125BDA /* AVFoundation.framework */,
				6F90DDDD1395CAAA00125BDA /* CoreGraphics.framework */,
				6F90DE0A1395CCF500125BDA /* CoreMedia.framework */,
				269351C0156CB42100512474 /* CoreMotion.framework */,
				6F90DE061395CCE000125BDA /* CoreVideo.framework */,
				6F90DDDB1395CAAA00125BDA /* Foundation.framework */,
				6F096BF9157ED5110075E328 /* ImageIO.framework */,
				6F90DE041395CCD100125BDA /* OpenGLES.framework */,
				6F90DE081395CCEA00125BDA /* QuartzCore.framework */,
				6F90DDD91395CAAA00125BDA /* UIKit.framework */,
			);
			name = Frameworks;
			sourceTree = "<group>";
		};
		6F90DDDF1395CAAA00125BDA /* Classes */ = {
			isa = PBXGroup;
			children = (
				89A60A3A1AF980280034DD5F /* CV */,
				6F90DDEB1395CAAA00125BDA /* LaputaViewController.h */,
				6F90DDED1395CAAA00125BDA /* LaputaViewController.m */,
				6F90DE0E1395CD9C00125BDA /* LaputaCapturePipeline.h */,
				6F90DE0F1395CD9C00125BDA /* LaputaCapturePipeline.m */,
				5DC09BF119B7F51B0025A16E /* Renderers */,
				6F90DDE81395CAAA00125BDA /* LaputaAppDelegate.h */,
				6F90DDE91395CAAA00125BDA /* LaputaAppDelegate.m */,
			);
			path = Classes;
			sourceTree = "<group>";
		};
		6F90DDE01395CAAA00125BDA /* Resources */ = {
			isa = PBXGroup;
			children = (
				89DDECB51B1E3AA100722506 /* 640*1136.png */,
				895589B51AF97FA60019374C /* Model */,
				892DA8C91ACA119C00ABA31E /* 3dModels */,
				89F003FC1AC9C7F500D8EC6D /* LaputaApp-Info.plist */,
				7214DBCD182AEF8900EA3F99 /* Images.xcassets */,
				5DBA2A9719C232E200530F7A /* Launch.storyboard */,
				281FB47D176694640071511D /* Main.storyboard */,
				262D247E17177837000E1DBA /* Shaders */,
				6F90DDE21395CAAA00125BDA /* InfoPlist.strings */,
				89DDECB21B1E388800722506 /* Launch Screen.xib */,
			);
			name = Resources;
			path = Classes;
			sourceTree = "<group>";
		};
		6FF11C8616A8778500E14D71 /* Utilities */ = {
			isa = PBXGroup;
			children = (
				6FF11C8916A8779D00E14D71 /* MovieRecorder.h */,
				6FF11C8A16A8779D00E14D71 /* MovieRecorder.m */,
				6FF11C8B16A8779D00E14D71 /* OpenGLPixelBufferView.h */,
				6FF11C8C16A8779D00E14D71 /* OpenGLPixelBufferView.m */,
				6FF11C9016A877A100E14D71 /* GL */,
				89120A291AC9FFA60086174B /* Tools.h */,
				89120A2A1AC9FFA60086174B /* Tools.m */,
			);
			name = Utilities;
			path = Classes;
			sourceTree = "<group>";
		};
		6FF11C9016A877A100E14D71 /* GL */ = {
			isa = PBXGroup;
			children = (
				8968D38B1B1CCCCF00FAFBDC /* glUtilities.cpp */,
				8968D38C1B1CCCCF00FAFBDC /* glUtilities.h */,
				899A5F161B18F33300A080FF /* candide3Texture.cpp */,
				899A5F171B18F33300A080FF /* candide3Texture.h */,
				899A5EA21B1690D300A080FF /* unit.h */,
				891082571ACF114500D5314C /* mesh.h */,
				891082561ACF114500D5314C /* mesh.cpp */,
				89B2EB721AD2FFB900D1E27E /* material.h */,
				891082591ACF114500D5314C /* texture.h */,
				891082581ACF114500D5314C /* texture.cpp */,
				89B2EB871AD87DDA00D1E27E /* reflectionTexture.h */,
				89B2EB861AD87DDA00D1E27E /* reflectionTexture.cpp */,
				89B2EB6F1AD2FF9000D1E27E /* color.h */,
				89B2EB6E1AD2FF9000D1E27E /* color.cpp */,
				6FF11C9216A877B100E14D71 /* matrix.h */,
				6FF11C9116A877B100E14D71 /* matrix.c */,
				6FF11C9416A877B100E14D71 /* ShaderUtilities.h */,
				6FF11C9316A877B100E14D71 /* ShaderUtilities.c */,
				899A5E811B03DA4F00A080FF /* glasses.h */,
				899A5E821B03DBE300A080FF /* glasses.cpp */,
				899A5E871B050A9D00A080FF /* err.h */,
				899A5E991B167EA100A080FF /* candide3.cpp */,
				899A5E9A1B167EA100A080FF /* candide3.h */,
			);
			name = GL;
			sourceTree = "<group>";
		};
		8910825C1ACF144800D5314C /* 3dGlasses */ = {
			isa = PBXGroup;
			children = (
				8910825D1ACF14B800D5314C /* 3dGlassesFragmentShader.fsh */,
				8910825E1ACF14B800D5314C /* 3dGlassesVertexShader.vsh */,
			);
			name = 3dGlasses;
			sourceTree = "<group>";
		};
		89120A2C1ACA010B0086174B /* ColorFilters */ = {
			isa = PBXGroup;
			children = (
				89120A2D1ACA011B0086174B /* myFilter.fsh */,
				89120A2E1ACA011B0086174B /* myFilter.vsh */,
			);
			name = ColorFilters;
			sourceTree = "<group>";
		};
		89120A311ACA01750086174B /* SimpleGlasses */ = {
			isa = PBXGroup;
			children = (
				8956569C1ACE0551004AE70A /* SimpleFragmentShaderF.fragmentshader */,
				8956569D1ACE0551004AE70A /* SimpleFragmentShaderL.fragmentshader */,
				8956569E1ACE0551004AE70A /* SimpleVertexShaderF.vertexshader */,
				8956569F1ACE0551004AE70A /* SimpleVertexShaderL.vertexshader */,
			);
			name = SimpleGlasses;
			sourceTree = "<group>";
		};
		892DA8C91ACA119C00ABA31E /* 3dModels */ = {
			isa = PBXGroup;
			children = (
				899A5E941B167E6C00A080FF /* Candide3 */,
				895656A71ACE0641004AE70A /* 3dGlasses */,
				895656A41ACE0628004AE70A /* SimpleGlasses */,
			);
			name = 3dModels;
			sourceTree = "<group>";
		};
		895589B51AF97FA60019374C /* Model */ = {
			isa = PBXGroup;
			children = (
				895589B61AF97FBD0019374C /* haarcascade_frontalface_default.xml */,
				895589B71AF97FBD0019374C /* m1.txt */,
				895589B81AF97FBD0019374C /* m2.txt */,
				895589B91AF97FBD0019374C /* m3.txt */,
				895589BA1AF97FBD0019374C /* m4.txt */,
			);
			name = Model;
			sourceTree = "<group>";
		};
		895656A41ACE0628004AE70A /* SimpleGlasses */ = {
			isa = PBXGroup;
			children = (
				89B2EB6A1AD2F7D200D1E27E /* ranTry2.mtl */,
				89B2EB6B1AD2F7D200D1E27E /* ranTry2.obj */,
				895656D11ACE08A1004AE70A /* SimpleGlasses.obj */,
			);
			name = SimpleGlasses;
			sourceTree = "<group>";
		};
		895656A71ACE0641004AE70A /* 3dGlasses */ = {
			isa = PBXGroup;
			children = (
				8954176E1B4DAA0E0058B5C9 /* RanGlasses.dae */,
				8954176F1B4DAA0E0058B5C9 /* RanGlasses.mtl */,
				895417701B4DAA0E0058B5C9 /* RanGlasses.obj */,
				89B05A8A1B23AB49004D4106 /* blackGlasses.obj */,
				89B05A8B1B23AB49004D4106 /* purpleglasses.obj */,
				896E7E201ADC789F0002205C /* Brooklyn_Bridge_Planks_1k.hdr */,
				89B2EB7E1AD7488F00D1E27E /* ramp1-nurbsToPoly1.png */,
				891082611ACF49C400D5314C /* exportAll.dae */,
				895656D51ACE08AC004AE70A /* logo1.jpg */,
				895656D61ACE08AC004AE70A /* logo1flipped.jpg */,
				895656D71ACE08AC004AE70A /* logo1flippedSmall.jpg */,
				895656D81ACE08AC004AE70A /* logo1small.jpg */,
			);
			name = 3dGlasses;
			sourceTree = "<group>";
		};
		899A5E941B167E6C00A080FF /* Candide3 */ = {
			isa = PBXGroup;
			children = (
				899A5E951B167E8100A080FF /* facelist_184.wfm */,
				899A5E961B167E8100A080FF /* vertexlist_113.wfm */,
			);
			name = Candide3;
			sourceTree = "<group>";
		};
		89A60A3A1AF980280034DD5F /* CV */ = {
			isa = PBXGroup;
			children = (
				89DDF7591AFC2153006222A4 /* CVAnalyzerOperation.hh */,
				89DDF75A1AFC2153006222A4 /* CVAnalyzerOperation.mm */,
			);
			name = CV;
			sourceTree = "<group>";
		};
		AF052D151422BCEA00CD2D66 /* Other Sources */ = {
			isa = PBXGroup;
			children = (
				899A5E671B03D1E400A080FF /* platform.h */,
				6F90DDE51395CAAA00125BDA /* main.m */,
			);
			name = "Other Sources";
			path = Classes;
			sourceTree = "<group>";
		};
/* End PBXGroup section */

/* Begin PBXNativeTarget section */
		6F90DDD41395CAAA00125BDA /* LaputaOpenGL */ = {
			isa = PBXNativeTarget;
			buildConfigurationList = 6F90DDF71395CAAA00125BDA /* Build configuration list for PBXNativeTarget "LaputaOpenGL" */;
			buildPhases = (
				6F90DDD11395CAAA00125BDA /* Sources */,
				6F90DDD21395CAAA00125BDA /* Frameworks */,
				6F90DDD31395CAAA00125BDA /* Resources */,
			);
			buildRules = (
			);
			dependencies = (
			);
			name = LaputaOpenGL;
			productName = RosyWriter;
			productReference = 6F90DDD51395CAAA00125BDA /* LaputaOpenGL.app */;
			productType = "com.apple.product-type.application";
		};
/* End PBXNativeTarget section */

/* Begin PBXProject section */
		6F90DDCC1395CAAA00125BDA /* Project object */ = {
			isa = PBXProject;
			attributes = {
				LastUpgradeCheck = 0600;
			};
			buildConfigurationList = 6F90DDCF1395CAAA00125BDA /* Build configuration list for PBXProject "Laputa" */;
			compatibilityVersion = "Xcode 3.2";
			developmentRegion = English;
			hasScannedForEncodings = 0;
			knownRegions = (
				en,
			);
			mainGroup = 6F90DDCA1395CAAA00125BDA;
			productRefGroup = 6F90DDD61395CAAA00125BDA /* Products */;
			projectDirPath = "";
			projectRoot = "";
			targets = (
				6F90DDD41395CAAA00125BDA /* LaputaOpenGL */,
			);
		};
/* End PBXProject section */

/* Begin PBXResourcesBuildPhase section */
		6F90DDD31395CAAA00125BDA /* Resources */ = {
			isa = PBXResourcesBuildPhase;
			buildActionMask = 2147483647;
			files = (
				895589BC1AF97FBD0019374C /* m1.txt in Resources */,
				895656E01ACE08AD004AE70A /* logo1flippedSmall.jpg in Resources */,
				895656DE1ACE08AD004AE70A /* logo1.jpg in Resources */,
				895656DF1ACE08AD004AE70A /* logo1flipped.jpg in Resources */,
				895417721B4DAA0E0058B5C9 /* RanGlasses.mtl in Resources */,
				895656A21ACE0551004AE70A /* SimpleVertexShaderF.vertexshader in Resources */,
				6F90DDE41395CAAA00125BDA /* InfoPlist.strings in Resources */,
				89B05A8C1B23AB49004D4106 /* blackGlasses.obj in Resources */,
				8910825F1ACF14B800D5314C /* 3dGlassesFragmentShader.fsh in Resources */,
				895417711B4DAA0E0058B5C9 /* RanGlasses.dae in Resources */,
				281FB47F176694640071511D /* Main.storyboard in Resources */,
				895589BD1AF97FBD0019374C /* m2.txt in Resources */,
				5DBA2A9919C232E200530F7A /* Launch.storyboard in Resources */,
				895656A01ACE0551004AE70A /* SimpleFragmentShaderF.fragmentshader in Resources */,
				895656A31ACE0551004AE70A /* SimpleVertexShaderL.vertexshader in Resources */,
				895589BF1AF97FBD0019374C /* m4.txt in Resources */,
				89DDECB61B1E3AA100722506 /* 640*1136.png in Resources */,
				6F90DDEC1395CAAA00125BDA /* LaputaViewController.h in Resources */,
				28365599139FE71B00D09100 /* ReadMe.txt in Resources */,
				899A5E971B167E8100A080FF /* facelist_184.wfm in Resources */,
				891082601ACF14B800D5314C /* 3dGlassesVertexShader.vsh in Resources */,
				895656E11ACE08AD004AE70A /* logo1small.jpg in Resources */,
				891082621ACF49C400D5314C /* exportAll.dae in Resources */,
				89F003FD1AC9C7F500D8EC6D /* LaputaApp-Info.plist in Resources */,
				896E7E211ADC789F0002205C /* Brooklyn_Bridge_Planks_1k.hdr in Resources */,
				895589BE1AF97FBD0019374C /* m3.txt in Resources */,
				7214DBCE182AEF8900EA3F99 /* Images.xcassets in Resources */,
				895417731B4DAA0E0058B5C9 /* RanGlasses.obj in Resources */,
				895656D21ACE08A1004AE70A /* SimpleGlasses.obj in Resources */,
				895589BB1AF97FBD0019374C /* haarcascade_frontalface_default.xml in Resources */,
				899A5E981B167E8100A080FF /* vertexlist_113.wfm in Resources */,
				89DDECB41B1E388800722506 /* Launch Screen.xib in Resources */,
				89120A301ACA011B0086174B /* myFilter.vsh in Resources */,
				89120A2F1ACA011B0086174B /* myFilter.fsh in Resources */,
				895656A11ACE0551004AE70A /* SimpleFragmentShaderL.fragmentshader in Resources */,
				89B2EB7F1AD7488F00D1E27E /* ramp1-nurbsToPoly1.png in Resources */,
				89B05A8D1B23AB49004D4106 /* purpleglasses.obj in Resources */,
				89B2EB6D1AD2F7D200D1E27E /* ranTry2.obj in Resources */,
				89B2EB6C1AD2F7D200D1E27E /* ranTry2.mtl in Resources */,
			);
			runOnlyForDeploymentPostprocessing = 0;
		};
/* End PBXResourcesBuildPhase section */

/* Begin PBXSourcesBuildPhase section */
		6F90DDD11395CAAA00125BDA /* Sources */ = {
			isa = PBXSourcesBuildPhase;
			buildActionMask = 2147483647;
			files = (
				899A5E9B1B167EA100A080FF /* candide3.cpp in Sources */,
				89B2EB701AD2FF9000D1E27E /* color.cpp in Sources */,
				895656BC1ACE0672004AE70A /* LaputaSimpleGlassesRenderer.mm in Sources */,
				899A5E831B03DBE300A080FF /* glasses.cpp in Sources */,
				89B2EB881AD87DDA00D1E27E /* reflectionTexture.cpp in Sources */,
				6F90DDE61395CAAA00125BDA /* main.m in Sources */,
				6F90DDEA1395CAAA00125BDA /* LaputaAppDelegate.m in Sources */,
				6F90DDEE1395CAAA00125BDA /* LaputaViewController.m in Sources */,
				899A5F181B18F33300A080FF /* candide3Texture.cpp in Sources */,
				6F90DE141395CD9C00125BDA /* LaputaCapturePipeline.m in Sources */,
				89120A241AC9FEAD0086174B /* Laputa3dGlassesRenderer.mm in Sources */,
				6FF11C8E16A8779D00E14D71 /* MovieRecorder.m in Sources */,
				6FF11C8F16A8779D00E14D71 /* OpenGLPixelBufferView.m in Sources */,
				8968D38D1B1CCCCF00FAFBDC /* glUtilities.cpp in Sources */,
				89120A2B1AC9FFA60086174B /* Tools.m in Sources */,
				6FF11C9516A877B100E14D71 /* matrix.c in Sources */,
				8910825A1ACF114500D5314C /* mesh.cpp in Sources */,
				8910825B1ACF114500D5314C /* texture.cpp in Sources */,
				6FF11C9616A877B100E14D71 /* ShaderUtilities.c in Sources */,
				89DDF75B1AFC2153006222A4 /* CVAnalyzerOperation.mm in Sources */,
				89120A281AC9FED80086174B /* LaputaScreenRenderer.m in Sources */,
			);
			runOnlyForDeploymentPostprocessing = 0;
		};
/* End PBXSourcesBuildPhase section */

/* Begin PBXVariantGroup section */
		281FB47D176694640071511D /* Main.storyboard */ = {
			isa = PBXVariantGroup;
			children = (
				281FB47E176694640071511D /* en */,
			);
			name = Main.storyboard;
			sourceTree = "<group>";
		};
		5DBA2A9719C232E200530F7A /* Launch.storyboard */ = {
			isa = PBXVariantGroup;
			children = (
				5DBA2A9819C232E200530F7A /* en */,
			);
			name = Launch.storyboard;
			sourceTree = "<group>";
		};
		6F90DDE21395CAAA00125BDA /* InfoPlist.strings */ = {
			isa = PBXVariantGroup;
			children = (
				6F90DDE31395CAAA00125BDA /* en */,
			);
			name = InfoPlist.strings;
			path = ../Resources;
			sourceTree = "<group>";
		};
		89DDECB21B1E388800722506 /* Launch Screen.xib */ = {
			isa = PBXVariantGroup;
			children = (
				89DDECB31B1E388800722506 /* en */,
			);
			name = "Launch Screen.xib";
			sourceTree = "<group>";
		};
/* End PBXVariantGroup section */

/* Begin XCBuildConfiguration section */
		6F90DDF51395CAAA00125BDA /* Debug */ = {
			isa = XCBuildConfiguration;
			buildSettings = {
				ALWAYS_SEARCH_USER_PATHS = NO;
				CLANG_ENABLE_OBJC_ARC = NO;
				CLANG_WARN_BOOL_CONVERSION = YES;
				CLANG_WARN_CONSTANT_CONVERSION = YES;
				CLANG_WARN_EMPTY_BODY = YES;
				CLANG_WARN_ENUM_CONVERSION = YES;
				CLANG_WARN_INT_CONVERSION = YES;
				CLANG_WARN_UNREACHABLE_CODE = YES;
				CLANG_WARN__DUPLICATE_METHOD_MATCH = YES;
				CODE_SIGN_IDENTITY = "iPhone Developer";
				COPY_PHASE_STRIP = NO;
				ENABLE_STRICT_OBJC_MSGSEND = YES;
				GCC_C_LANGUAGE_STANDARD = c11;
				GCC_DYNAMIC_NO_PIC = NO;
				GCC_OPTIMIZATION_LEVEL = 0;
				GCC_PREPROCESSOR_DEFINITIONS = (
					"DEBUG=1",
					"$(inherited)",
				);
				GCC_SYMBOLS_PRIVATE_EXTERN = NO;
				GCC_VERSION = com.apple.compilers.llvm.clang.1_0;
				GCC_WARN_64_TO_32_BIT_CONVERSION = YES;
				GCC_WARN_ABOUT_MISSING_PROTOTYPES = YES;
				GCC_WARN_ABOUT_RETURN_TYPE = YES;
				GCC_WARN_UNDECLARED_SELECTOR = YES;
				GCC_WARN_UNINITIALIZED_AUTOS = YES;
				GCC_WARN_UNUSED_FUNCTION = YES;
				GCC_WARN_UNUSED_VARIABLE = YES;
				IPHONEOS_DEPLOYMENT_TARGET = 7.0;
				ONLY_ACTIVE_ARCH = YES;
				PROVISIONING_PROFILE = "1f3d3630-68cf-4acb-8461-d422b51f094f";
				"PROVISIONING_PROFILE[sdk=iphoneos*]" = "1f3d3630-68cf-4acb-8461-d422b51f094f";
				RUN_CLANG_STATIC_ANALYZER = YES;
				SDKROOT = iphoneos;
				TARGETED_DEVICE_FAMILY = "1,2";
			};
			name = Debug;
		};
		6F90DDF61395CAAA00125BDA /* Release */ = {
			isa = XCBuildConfiguration;
			buildSettings = {
				ALWAYS_SEARCH_USER_PATHS = NO;
				CLANG_ENABLE_OBJC_ARC = NO;
				CLANG_WARN_BOOL_CONVERSION = YES;
				CLANG_WARN_CONSTANT_CONVERSION = YES;
				CLANG_WARN_EMPTY_BODY = YES;
				CLANG_WARN_ENUM_CONVERSION = YES;
				CLANG_WARN_INT_CONVERSION = YES;
				CLANG_WARN_UNREACHABLE_CODE = YES;
				CLANG_WARN__DUPLICATE_METHOD_MATCH = YES;
				CODE_SIGN_IDENTITY = "iPhone Developer";
				"CODE_SIGN_IDENTITY[sdk=iphoneos*]" = "iPhone Developer";
				COPY_PHASE_STRIP = YES;
				ENABLE_STRICT_OBJC_MSGSEND = YES;
				GCC_C_LANGUAGE_STANDARD = c11;
				GCC_VERSION = com.apple.compilers.llvm.clang.1_0;
				GCC_WARN_64_TO_32_BIT_CONVERSION = YES;
				GCC_WARN_ABOUT_MISSING_PROTOTYPES = YES;
				GCC_WARN_ABOUT_RETURN_TYPE = YES;
				GCC_WARN_UNDECLARED_SELECTOR = YES;
				GCC_WARN_UNINITIALIZED_AUTOS = YES;
				GCC_WARN_UNUSED_FUNCTION = YES;
				GCC_WARN_UNUSED_VARIABLE = YES;
				IPHONEOS_DEPLOYMENT_TARGET = 7.0;
				OTHER_CFLAGS = "-DNS_BLOCK_ASSERTIONS=1";
				PROVISIONING_PROFILE = "1f3d3630-68cf-4acb-8461-d422b51f094f";
				"PROVISIONING_PROFILE[sdk=iphoneos*]" = "1f3d3630-68cf-4acb-8461-d422b51f094f";
				RUN_CLANG_STATIC_ANALYZER = YES;
				SDKROOT = iphoneos;
				TARGETED_DEVICE_FAMILY = "1,2";
				VALIDATE_PRODUCT = YES;
			};
			name = Release;
		};
		6F90DDF81395CAAA00125BDA /* Debug */ = {
			isa = XCBuildConfiguration;
			buildSettings = {
				ASSETCATALOG_COMPILER_APPICON_NAME = AppIcon;
				CODE_SIGN_IDENTITY = "iPhone Developer";
				"CODE_SIGN_IDENTITY[sdk=iphoneos*]" = "iPhone Developer";
				COMPRESS_PNG_FILES = NO;
				FRAMEWORK_SEARCH_PATHS = (
					"$(inherited)",
					"$(PROJECT_DIR)/thirdpartylib/opencv",
				);
				GCC_PRECOMPILE_PREFIX_HEADER = YES;
				GCC_PREFIX_HEADER = "LaputaApp-Prefix.pch";
				HEADER_SEARCH_PATHS = (
					"$(inherited)",
					/Applications/Xcode.app/Contents/Developer/Toolchains/XcodeDefault.xctoolchain/usr/include,
					thirdpartylib/glm,
					thirdpartylib/libassimp/include,
					"thirdpartylib/iOSMagick-6.8.8-9-libs/include",
					thirdpartylib/cvanalyzer/include,
					../../AR_lib/CVAnalyzerLib/CVAnalyzerLib/utilities,
				);
				INFOPLIST_FILE = "$(SRCROOT)/LaputaApp-Info.plist";
				IPHONEOS_DEPLOYMENT_TARGET = 7.0;
				LIBRARY_SEARCH_PATHS = (
					"$(inherited)",
					"$(PROJECT_DIR)/thirdpartylib",
					"$(PROJECT_DIR)/thirdpartylib/libassimp/lib",
					"$(PROJECT_DIR)/thirdpartylib/iOSMagick-6.8.8-9-libs",
					"$(PROJECT_DIR)/thirdpartylib/cvanalyzer/lib",
				);
				OTHER_CFLAGS = "-DUSE_OPENGL_RENDERER=1";
				PRODUCT_NAME = LaputaOpenGL;
				PROVISIONING_PROFILE = "a847e4ee-2ec5-4d63-a788-4d025323db5e";
				TARGETED_DEVICE_FAMILY = "1,2";
				WRAPPER_EXTENSION = app;
			};
			name = Debug;
		};
		6F90DDF91395CAAA00125BDA /* Release */ = {
			isa = XCBuildConfiguration;
			buildSettings = {
				ASSETCATALOG_COMPILER_APPICON_NAME = AppIcon;
				CODE_SIGN_IDENTITY = "iPhone Developer";
				"CODE_SIGN_IDENTITY[sdk=iphoneos*]" = "iPhone Developer";
				COMPRESS_PNG_FILES = NO;
				FRAMEWORK_SEARCH_PATHS = (
					"$(inherited)",
					"$(PROJECT_DIR)/thirdpartylib/opencv",
				);
				GCC_PRECOMPILE_PREFIX_HEADER = YES;
				GCC_PREFIX_HEADER = "LaputaApp-Prefix.pch";
				HEADER_SEARCH_PATHS = (
					"$(inherited)",
					/Applications/Xcode.app/Contents/Developer/Toolchains/XcodeDefault.xctoolchain/usr/include,
					thirdpartylib/glm,
					thirdpartylib/libassimp/include,
					"thirdpartylib/iOSMagick-6.8.8-9-libs/include",
					thirdpartylib/cvanalyzer/include,
					../../AR_lib/CVAnalyzerLib/CVAnalyzerLib/utilities,
				);
				INFOPLIST_FILE = "$(SRCROOT)/LaputaApp-Info.plist";
				IPHONEOS_DEPLOYMENT_TARGET = 7.0;
				LIBRARY_SEARCH_PATHS = (
					"$(inherited)",
					"$(PROJECT_DIR)/thirdpartylib",
					"$(PROJECT_DIR)/thirdpartylib/libassimp/lib",
					"$(PROJECT_DIR)/thirdpartylib/iOSMagick-6.8.8-9-libs",
					"$(PROJECT_DIR)/thirdpartylib/cvanalyzer/lib",
				);
				OTHER_CFLAGS = "-DUSE_OPENGL_RENDERER=1";
				PRODUCT_NAME = LaputaOpenGL;
				PROVISIONING_PROFILE = "a847e4ee-2ec5-4d63-a788-4d025323db5e";
				TARGETED_DEVICE_FAMILY = "1,2";
				WRAPPER_EXTENSION = app;
			};
			name = Release;
		};
/* End XCBuildConfiguration section */

/* Begin XCConfigurationList section */
		6F90DDCF1395CAAA00125BDA /* Build configuration list for PBXProject "Laputa" */ = {
			isa = XCConfigurationList;
			buildConfigurations = (
				6F90DDF51395CAAA00125BDA /* Debug */,
				6F90DDF61395CAAA00125BDA /* Release */,
			);
			defaultConfigurationIsVisible = 0;
			defaultConfigurationName = Release;
		};
		6F90DDF71395CAAA00125BDA /* Build configuration list for PBXNativeTarget "LaputaOpenGL" */ = {
			isa = XCConfigurationList;
			buildConfigurations = (
				6F90DDF81395CAAA00125BDA /* Debug */,
				6F90DDF91395CAAA00125BDA /* Release */,
			);
			defaultConfigurationIsVisible = 0;
			defaultConfigurationName = Release;
		};
/* End XCConfigurationList section */
	};
	rootObject = 6F90DDCC1395CAAA00125BDA /* Project object */;
}
