// !$*UTF8*$!
{
	archiveVersion = 1;
	classes = {
	};
	objectVersion = 46;
	objects = {

/* Begin PBXBuildFile section */
		25350AD41910358100DB3E08 /* objloader.cpp in Sources */ = {isa = PBXBuildFile; fileRef = 25350AD21910358100DB3E08 /* objloader.cpp */; };
		25C3436618BD721D00B0AD8C /* main.cpp in Sources */ = {isa = PBXBuildFile; fileRef = 25C3436518BD721D00B0AD8C /* main.cpp */; };
		25C3437A18C6DB7400B0AD8C /* utilities.cpp in Sources */ = {isa = PBXBuildFile; fileRef = 25C3437818C6DB7400B0AD8C /* utilities.cpp */; };
		8954176A1B4D9C910058B5C9 /* jpge.cpp in Sources */ = {isa = PBXBuildFile; fileRef = 895417631B4D9C910058B5C9 /* jpge.cpp */; };
		8954176D1B4D9C910058B5C9 /* timer.cpp in Sources */ = {isa = PBXBuildFile; fileRef = 895417671B4D9C910058B5C9 /* timer.cpp */; };
		8968D3521B19825400FAFBDC /* libMagick++-6.Q16.a in Frameworks */ = {isa = PBXBuildFile; fileRef = 899A5F541B19796800A080FF /* libMagick++-6.Q16.a */; };
		8968D3531B19825400FAFBDC /* libMagickCore-6.Q16.a in Frameworks */ = {isa = PBXBuildFile; fileRef = 899A5F581B19796800A080FF /* libMagickCore-6.Q16.a */; };
		8968D3541B19825400FAFBDC /* libMagickWand-6.Q16.a in Frameworks */ = {isa = PBXBuildFile; fileRef = 899A5F5C1B19796800A080FF /* libMagickWand-6.Q16.a */; };
		899A5EDF1B18F10100A080FF /* libopencv_calib3d.2.4.10.dylib in Frameworks */ = {isa = PBXBuildFile; fileRef = 899A5EA81B18F10100A080FF /* libopencv_calib3d.2.4.10.dylib */; };
		899A5EE01B18F10100A080FF /* libopencv_calib3d.2.4.10.dylib in Frameworks */ = {isa = PBXBuildFile; fileRef = 899A5EA91B18F10100A080FF /* libopencv_calib3d.2.4.10.dylib */; };
		899A5EE11B18F10100A080FF /* libopencv_calib3d.2.4.10.dylib in Frameworks */ = {isa = PBXBuildFile; fileRef = 899A5EAA1B18F10100A080FF /* libopencv_calib3d.2.4.10.dylib */; };
		899A5EE21B18F10100A080FF /* libopencv_contrib.2.4.10.dylib in Frameworks */ = {isa = PBXBuildFile; fileRef = 899A5EAB1B18F10100A080FF /* libopencv_contrib.2.4.10.dylib */; };
		899A5EE31B18F10100A080FF /* libopencv_contrib.2.4.10.dylib in Frameworks */ = {isa = PBXBuildFile; fileRef = 899A5EAC1B18F10100A080FF /* libopencv_contrib.2.4.10.dylib */; };
		899A5EE41B18F10100A080FF /* libopencv_contrib.2.4.10.dylib in Frameworks */ = {isa = PBXBuildFile; fileRef = 899A5EAD1B18F10100A080FF /* libopencv_contrib.2.4.10.dylib */; };
		899A5EE51B18F10100A080FF /* libopencv_core.2.4.10.dylib in Frameworks */ = {isa = PBXBuildFile; fileRef = 899A5EAE1B18F10100A080FF /* libopencv_core.2.4.10.dylib */; };
		899A5EE61B18F10100A080FF /* libopencv_core.2.4.10.dylib in Frameworks */ = {isa = PBXBuildFile; fileRef = 899A5EAF1B18F10100A080FF /* libopencv_core.2.4.10.dylib */; };
		899A5EE71B18F10100A080FF /* libopencv_core.2.4.10.dylib in Frameworks */ = {isa = PBXBuildFile; fileRef = 899A5EB01B18F10100A080FF /* libopencv_core.2.4.10.dylib */; };
		899A5EE81B18F10100A080FF /* libopencv_features2d.2.4.10.dylib in Frameworks */ = {isa = PBXBuildFile; fileRef = 899A5EB11B18F10100A080FF /* libopencv_features2d.2.4.10.dylib */; };
		899A5EE91B18F10100A080FF /* libopencv_features2d.2.4.10.dylib in Frameworks */ = {isa = PBXBuildFile; fileRef = 899A5EB21B18F10100A080FF /* libopencv_features2d.2.4.10.dylib */; };
		899A5EEA1B18F10100A080FF /* libopencv_features2d.2.4.10.dylib in Frameworks */ = {isa = PBXBuildFile; fileRef = 899A5EB31B18F10100A080FF /* libopencv_features2d.2.4.10.dylib */; };
		899A5EEB1B18F10100A080FF /* libopencv_flann.2.4.10.dylib in Frameworks */ = {isa = PBXBuildFile; fileRef = 899A5EB41B18F10100A080FF /* libopencv_flann.2.4.10.dylib */; };
		899A5EEC1B18F10100A080FF /* libopencv_flann.2.4.10.dylib in Frameworks */ = {isa = PBXBuildFile; fileRef = 899A5EB51B18F10100A080FF /* libopencv_flann.2.4.10.dylib */; };
		899A5EED1B18F10100A080FF /* libopencv_flann.2.4.10.dylib in Frameworks */ = {isa = PBXBuildFile; fileRef = 899A5EB61B18F10100A080FF /* libopencv_flann.2.4.10.dylib */; };
		899A5EEE1B18F10100A080FF /* libopencv_gpu.2.4.10.dylib in Frameworks */ = {isa = PBXBuildFile; fileRef = 899A5EB71B18F10100A080FF /* libopencv_gpu.2.4.10.dylib */; };
		899A5EEF1B18F10100A080FF /* libopencv_gpu.2.4.10.dylib in Frameworks */ = {isa = PBXBuildFile; fileRef = 899A5EB81B18F10100A080FF /* libopencv_gpu.2.4.10.dylib */; };
		899A5EF01B18F10100A080FF /* libopencv_gpu.2.4.10.dylib in Frameworks */ = {isa = PBXBuildFile; fileRef = 899A5EB91B18F10100A080FF /* libopencv_gpu.2.4.10.dylib */; };
		899A5EF11B18F10100A080FF /* libopencv_highgui.2.4.10.dylib in Frameworks */ = {isa = PBXBuildFile; fileRef = 899A5EBA1B18F10100A080FF /* libopencv_highgui.2.4.10.dylib */; };
		899A5EF21B18F10100A080FF /* libopencv_highgui.2.4.10.dylib in Frameworks */ = {isa = PBXBuildFile; fileRef = 899A5EBB1B18F10100A080FF /* libopencv_highgui.2.4.10.dylib */; };
		899A5EF31B18F10100A080FF /* libopencv_highgui.2.4.10.dylib in Frameworks */ = {isa = PBXBuildFile; fileRef = 899A5EBC1B18F10100A080FF /* libopencv_highgui.2.4.10.dylib */; };
		899A5EF41B18F10100A080FF /* libopencv_imgproc.2.4.10.dylib in Frameworks */ = {isa = PBXBuildFile; fileRef = 899A5EBD1B18F10100A080FF /* libopencv_imgproc.2.4.10.dylib */; };
		899A5EF51B18F10100A080FF /* libopencv_imgproc.2.4.10.dylib in Frameworks */ = {isa = PBXBuildFile; fileRef = 899A5EBE1B18F10100A080FF /* libopencv_imgproc.2.4.10.dylib */; };
		899A5EF61B18F10100A080FF /* libopencv_imgproc.2.4.10.dylib in Frameworks */ = {isa = PBXBuildFile; fileRef = 899A5EBF1B18F10100A080FF /* libopencv_imgproc.2.4.10.dylib */; };
		899A5EF71B18F10100A080FF /* libopencv_legacy.2.4.10.dylib in Frameworks */ = {isa = PBXBuildFile; fileRef = 899A5EC01B18F10100A080FF /* libopencv_legacy.2.4.10.dylib */; };
		899A5EF81B18F10100A080FF /* libopencv_legacy.2.4.10.dylib in Frameworks */ = {isa = PBXBuildFile; fileRef = 899A5EC11B18F10100A080FF /* libopencv_legacy.2.4.10.dylib */; };
		899A5EF91B18F10100A080FF /* libopencv_legacy.2.4.10.dylib in Frameworks */ = {isa = PBXBuildFile; fileRef = 899A5EC21B18F10100A080FF /* libopencv_legacy.2.4.10.dylib */; };
		899A5EFA1B18F10200A080FF /* libopencv_ml.2.4.10.dylib in Frameworks */ = {isa = PBXBuildFile; fileRef = 899A5EC31B18F10100A080FF /* libopencv_ml.2.4.10.dylib */; };
		899A5EFB1B18F10200A080FF /* libopencv_ml.2.4.10.dylib in Frameworks */ = {isa = PBXBuildFile; fileRef = 899A5EC41B18F10100A080FF /* libopencv_ml.2.4.10.dylib */; };
		899A5EFC1B18F10200A080FF /* libopencv_ml.2.4.10.dylib in Frameworks */ = {isa = PBXBuildFile; fileRef = 899A5EC51B18F10100A080FF /* libopencv_ml.2.4.10.dylib */; };
		899A5EFD1B18F10200A080FF /* libopencv_nonfree.2.4.10.dylib in Frameworks */ = {isa = PBXBuildFile; fileRef = 899A5EC61B18F10100A080FF /* libopencv_nonfree.2.4.10.dylib */; };
		899A5EFE1B18F10200A080FF /* libopencv_nonfree.2.4.10.dylib in Frameworks */ = {isa = PBXBuildFile; fileRef = 899A5EC71B18F10100A080FF /* libopencv_nonfree.2.4.10.dylib */; };
		899A5EFF1B18F10200A080FF /* libopencv_nonfree.2.4.10.dylib in Frameworks */ = {isa = PBXBuildFile; fileRef = 899A5EC81B18F10100A080FF /* libopencv_nonfree.2.4.10.dylib */; };
		899A5F001B18F10200A080FF /* libopencv_objdetect.2.4.10.dylib in Frameworks */ = {isa = PBXBuildFile; fileRef = 899A5EC91B18F10100A080FF /* libopencv_objdetect.2.4.10.dylib */; };
		899A5F011B18F10200A080FF /* libopencv_objdetect.2.4.10.dylib in Frameworks */ = {isa = PBXBuildFile; fileRef = 899A5ECA1B18F10100A080FF /* libopencv_objdetect.2.4.10.dylib */; };
		899A5F021B18F10200A080FF /* libopencv_objdetect.2.4.10.dylib in Frameworks */ = {isa = PBXBuildFile; fileRef = 899A5ECB1B18F10100A080FF /* libopencv_objdetect.2.4.10.dylib */; };
		899A5F031B18F10200A080FF /* libopencv_ocl.2.4.10.dylib in Frameworks */ = {isa = PBXBuildFile; fileRef = 899A5ECC1B18F10100A080FF /* libopencv_ocl.2.4.10.dylib */; };
		899A5F041B18F10200A080FF /* libopencv_ocl.2.4.10.dylib in Frameworks */ = {isa = PBXBuildFile; fileRef = 899A5ECD1B18F10100A080FF /* libopencv_ocl.2.4.10.dylib */; };
		899A5F051B18F10200A080FF /* libopencv_ocl.2.4.10.dylib in Frameworks */ = {isa = PBXBuildFile; fileRef = 899A5ECE1B18F10100A080FF /* libopencv_ocl.2.4.10.dylib */; };
		899A5F061B18F10200A080FF /* libopencv_photo.2.4.10.dylib in Frameworks */ = {isa = PBXBuildFile; fileRef = 899A5ECF1B18F10100A080FF /* libopencv_photo.2.4.10.dylib */; };
		899A5F071B18F10200A080FF /* libopencv_photo.2.4.10.dylib in Frameworks */ = {isa = PBXBuildFile; fileRef = 899A5ED01B18F10100A080FF /* libopencv_photo.2.4.10.dylib */; };
		899A5F081B18F10200A080FF /* libopencv_photo.2.4.10.dylib in Frameworks */ = {isa = PBXBuildFile; fileRef = 899A5ED11B18F10100A080FF /* libopencv_photo.2.4.10.dylib */; };
		899A5F091B18F10200A080FF /* libopencv_stitching.2.4.10.dylib in Frameworks */ = {isa = PBXBuildFile; fileRef = 899A5ED21B18F10100A080FF /* libopencv_stitching.2.4.10.dylib */; };
		899A5F0A1B18F10200A080FF /* libopencv_stitching.2.4.10.dylib in Frameworks */ = {isa = PBXBuildFile; fileRef = 899A5ED31B18F10100A080FF /* libopencv_stitching.2.4.10.dylib */; };
		899A5F0B1B18F10200A080FF /* libopencv_stitching.2.4.10.dylib in Frameworks */ = {isa = PBXBuildFile; fileRef = 899A5ED41B18F10100A080FF /* libopencv_stitching.2.4.10.dylib */; };
		899A5F0C1B18F10200A080FF /* libopencv_superres.2.4.10.dylib in Frameworks */ = {isa = PBXBuildFile; fileRef = 899A5ED51B18F10100A080FF /* libopencv_superres.2.4.10.dylib */; };
		899A5F0D1B18F10200A080FF /* libopencv_superres.2.4.10.dylib in Frameworks */ = {isa = PBXBuildFile; fileRef = 899A5ED61B18F10100A080FF /* libopencv_superres.2.4.10.dylib */; };
		899A5F0E1B18F10200A080FF /* libopencv_superres.2.4.10.dylib in Frameworks */ = {isa = PBXBuildFile; fileRef = 899A5ED71B18F10100A080FF /* libopencv_superres.2.4.10.dylib */; };
		899A5F0F1B18F10200A080FF /* libopencv_ts.a in Frameworks */ = {isa = PBXBuildFile; fileRef = 899A5ED81B18F10100A080FF /* libopencv_ts.a */; };
		899A5F101B18F10200A080FF /* libopencv_video.2.4.10.dylib in Frameworks */ = {isa = PBXBuildFile; fileRef = 899A5ED91B18F10100A080FF /* libopencv_video.2.4.10.dylib */; };
		899A5F111B18F10200A080FF /* libopencv_video.2.4.10.dylib in Frameworks */ = {isa = PBXBuildFile; fileRef = 899A5EDA1B18F10100A080FF /* libopencv_video.2.4.10.dylib */; };
		899A5F121B18F10200A080FF /* libopencv_video.2.4.10.dylib in Frameworks */ = {isa = PBXBuildFile; fileRef = 899A5EDB1B18F10100A080FF /* libopencv_video.2.4.10.dylib */; };
		899A5F131B18F10200A080FF /* libopencv_videostab.2.4.10.dylib in Frameworks */ = {isa = PBXBuildFile; fileRef = 899A5EDC1B18F10100A080FF /* libopencv_videostab.2.4.10.dylib */; };
		899A5F141B18F10200A080FF /* libopencv_videostab.2.4.10.dylib in Frameworks */ = {isa = PBXBuildFile; fileRef = 899A5EDD1B18F10100A080FF /* libopencv_videostab.2.4.10.dylib */; };
		899A5F151B18F10200A080FF /* libopencv_videostab.2.4.10.dylib in Frameworks */ = {isa = PBXBuildFile; fileRef = 899A5EDE1B18F10100A080FF /* libopencv_videostab.2.4.10.dylib */; };
		899A5F461B1978DB00A080FF /* CoreVideo.framework in Frameworks */ = {isa = PBXBuildFile; fileRef = 899A5F451B1978DB00A080FF /* CoreVideo.framework */; };
		899A5F481B1978E100A080FF /* Cocoa.framework in Frameworks */ = {isa = PBXBuildFile; fileRef = 899A5F471B1978E100A080FF /* Cocoa.framework */; };
		899A5F4A1B1978E800A080FF /* IOKit.framework in Frameworks */ = {isa = PBXBuildFile; fileRef = 899A5F491B1978E800A080FF /* IOKit.framework */; };
		899A5F4F1B19793B00A080FF /* libassimp.3.1.1.dylib in Frameworks */ = {isa = PBXBuildFile; fileRef = 899A5F4B1B19793B00A080FF /* libassimp.3.1.1.dylib */; };
		899A5F501B19793B00A080FF /* libassimp.3.1.1.dylib in Frameworks */ = {isa = PBXBuildFile; fileRef = 899A5F4C1B19793B00A080FF /* libassimp.3.1.1.dylib */; };
		899A5F511B19793B00A080FF /* libassimp.3.1.1.dylib in Frameworks */ = {isa = PBXBuildFile; fileRef = 899A5F4D1B19793B00A080FF /* libassimp.3.1.1.dylib */; };
		899A5F521B19793B00A080FF /* libglfw3.a in Frameworks */ = {isa = PBXBuildFile; fileRef = 899A5F4E1B19793B00A080FF /* libglfw3.a */; };
		899A5F6C1B1979E100A080FF /* OpenGL.framework in Frameworks */ = {isa = PBXBuildFile; fileRef = 899A5F6B1B1979E100A080FF /* OpenGL.framework */; };
		89B05AD01B264B90004D4106 /* candide3.cpp in Sources */ = {isa = PBXBuildFile; fileRef = 89B05AB51B264B90004D4106 /* candide3.cpp */; };
		89B05AD11B264B90004D4106 /* candide3Texture.cpp in Sources */ = {isa = PBXBuildFile; fileRef = 89B05AB71B264B90004D4106 /* candide3Texture.cpp */; };
		89B05AD21B264B90004D4106 /* color.cpp in Sources */ = {isa = PBXBuildFile; fileRef = 89B05AB91B264B90004D4106 /* color.cpp */; };
		89B05AD51B264B90004D4106 /* glasses.cpp in Sources */ = {isa = PBXBuildFile; fileRef = 89B05AC01B264B90004D4106 /* glasses.cpp */; };
		89B05AD61B264B90004D4106 /* glUtilities.cpp in Sources */ = {isa = PBXBuildFile; fileRef = 89B05AC21B264B90004D4106 /* glUtilities.cpp */; };
		89B05AD71B264B90004D4106 /* matrix.c in Sources */ = {isa = PBXBuildFile; fileRef = 89B05AC51B264B90004D4106 /* matrix.c */; };
		89B05AD81B264B90004D4106 /* mesh.cpp in Sources */ = {isa = PBXBuildFile; fileRef = 89B05AC71B264B90004D4106 /* mesh.cpp */; };
		89B05AD91B264B90004D4106 /* reflectionTexture.cpp in Sources */ = {isa = PBXBuildFile; fileRef = 89B05AC91B264B90004D4106 /* reflectionTexture.cpp */; };
		89B05ADA1B264B90004D4106 /* ShaderUtilities.c in Sources */ = {isa = PBXBuildFile; fileRef = 89B05ACB1B264B90004D4106 /* ShaderUtilities.c */; };
		89B05ADB1B264B90004D4106 /* texture.cpp in Sources */ = {isa = PBXBuildFile; fileRef = 89B05ACD1B264B90004D4106 /* texture.cpp */; };
/* End PBXBuildFile section */

/* Begin PBXCopyFilesBuildPhase section */
		25A474A318B883F40075F93D /* CopyFiles */ = {
			isa = PBXCopyFilesBuildPhase;
			buildActionMask = 2147483647;
			dstPath = /usr/share/man/man1/;
			dstSubfolderSpec = 0;
			files = (
			);
			runOnlyForDeploymentPostprocessing = 1;
		};
/* End PBXCopyFilesBuildPhase section */

/* Begin PBXFileReference section */
		25350AD21910358100DB3E08 /* objloader.cpp */ = {isa = PBXFileReference; fileEncoding = 4; lastKnownFileType = sourcecode.cpp.cpp; path = objloader.cpp; sourceTree = "<group>"; };
		25350AD31910358100DB3E08 /* objloader.hpp */ = {isa = PBXFileReference; fileEncoding = 4; lastKnownFileType = sourcecode.cpp.h; path = objloader.hpp; sourceTree = "<group>"; };
		25A474A518B883F40075F93D /* VET */ = {isa = PBXFileReference; explicitFileType = "compiled.mach-o.executable"; includeInIndex = 0; path = VET; sourceTree = BUILT_PRODUCTS_DIR; };
		25C3436518BD721D00B0AD8C /* main.cpp */ = {isa = PBXFileReference; fileEncoding = 4; lastKnownFileType = sourcecode.cpp.cpp; path = main.cpp; sourceTree = "<group>"; };
		25C3437718C6C9A500B0AD8C /* main.h */ = {isa = PBXFileReference; lastKnownFileType = sourcecode.c.h; path = main.h; sourceTree = "<group>"; };
		25C3437818C6DB7400B0AD8C /* utilities.cpp */ = {isa = PBXFileReference; fileEncoding = 4; lastKnownFileType = sourcecode.cpp.cpp; path = utilities.cpp; sourceTree = "<group>"; };
		25C3437918C6DB7400B0AD8C /* utilities.h */ = {isa = PBXFileReference; fileEncoding = 4; lastKnownFileType = sourcecode.c.h; path = utilities.h; sourceTree = "<group>"; };
		895417631B4D9C910058B5C9 /* jpge.cpp */ = {isa = PBXFileReference; fileEncoding = 4; lastKnownFileType = sourcecode.cpp.cpp; name = jpge.cpp; path = "thirdparty/jpeg-compressor_v104_r1/jpge.cpp"; sourceTree = SOURCE_ROOT; };
		895417641B4D9C910058B5C9 /* jpge.h */ = {isa = PBXFileReference; fileEncoding = 4; lastKnownFileType = sourcecode.c.h; name = jpge.h; path = "thirdparty/jpeg-compressor_v104_r1/jpge.h"; sourceTree = SOURCE_ROOT; };
		895417671B4D9C910058B5C9 /* timer.cpp */ = {isa = PBXFileReference; fileEncoding = 4; lastKnownFileType = sourcecode.cpp.cpp; name = timer.cpp; path = "thirdparty/jpeg-compressor_v104_r1/timer.cpp"; sourceTree = SOURCE_ROOT; };
		895417681B4D9C910058B5C9 /* timer.h */ = {isa = PBXFileReference; fileEncoding = 4; lastKnownFileType = sourcecode.c.h; name = timer.h; path = "thirdparty/jpeg-compressor_v104_r1/timer.h"; sourceTree = SOURCE_ROOT; };
		895417741B4DC3180058B5C9 /* platform.h */ = {isa = PBXFileReference; fileEncoding = 4; lastKnownFileType = sourcecode.c.h; name = platform.h; path = ../../../LaputaApp/platform.h; sourceTree = "<group>"; };
		899A5EA81B18F10100A080FF /* libopencv_calib3d.2.4.10.dylib */ = {isa = PBXFileReference; lastKnownFileType = "compiled.mach-o.dylib"; name = libopencv_calib3d.2.4.10.dylib; path = ../../../../../usr/local/lib/libopencv_calib3d.2.4.10.dylib; sourceTree = "<group>"; };
		899A5EA91B18F10100A080FF /* libopencv_calib3d.2.4.10.dylib */ = {isa = PBXFileReference; lastKnownFileType = "compiled.mach-o.dylib"; name = libopencv_calib3d.2.4.10.dylib; path = ../../../../../usr/local/lib/libopencv_calib3d.2.4.10.dylib; sourceTree = "<group>"; };
		899A5EAA1B18F10100A080FF /* libopencv_calib3d.2.4.10.dylib */ = {isa = PBXFileReference; lastKnownFileType = "compiled.mach-o.dylib"; name = libopencv_calib3d.2.4.10.dylib; path = ../../../../../usr/local/lib/libopencv_calib3d.2.4.10.dylib; sourceTree = "<group>"; };
		899A5EAB1B18F10100A080FF /* libopencv_contrib.2.4.10.dylib */ = {isa = PBXFileReference; lastKnownFileType = "compiled.mach-o.dylib"; name = libopencv_contrib.2.4.10.dylib; path = ../../../../../usr/local/lib/libopencv_contrib.2.4.10.dylib; sourceTree = "<group>"; };
		899A5EAC1B18F10100A080FF /* libopencv_contrib.2.4.10.dylib */ = {isa = PBXFileReference; lastKnownFileType = "compiled.mach-o.dylib"; name = libopencv_contrib.2.4.10.dylib; path = ../../../../../usr/local/lib/libopencv_contrib.2.4.10.dylib; sourceTree = "<group>"; };
		899A5EAD1B18F10100A080FF /* libopencv_contrib.2.4.10.dylib */ = {isa = PBXFileReference; lastKnownFileType = "compiled.mach-o.dylib"; name = libopencv_contrib.2.4.10.dylib; path = ../../../../../usr/local/lib/libopencv_contrib.2.4.10.dylib; sourceTree = "<group>"; };
		899A5EAE1B18F10100A080FF /* libopencv_core.2.4.10.dylib */ = {isa = PBXFileReference; lastKnownFileType = "compiled.mach-o.dylib"; name = libopencv_core.2.4.10.dylib; path = ../../../../../usr/local/lib/libopencv_core.2.4.10.dylib; sourceTree = "<group>"; };
		899A5EAF1B18F10100A080FF /* libopencv_core.2.4.10.dylib */ = {isa = PBXFileReference; lastKnownFileType = "compiled.mach-o.dylib"; name = libopencv_core.2.4.10.dylib; path = ../../../../../usr/local/lib/libopencv_core.2.4.10.dylib; sourceTree = "<group>"; };
		899A5EB01B18F10100A080FF /* libopencv_core.2.4.10.dylib */ = {isa = PBXFileReference; lastKnownFileType = "compiled.mach-o.dylib"; name = libopencv_core.2.4.10.dylib; path = ../../../../../usr/local/lib/libopencv_core.2.4.10.dylib; sourceTree = "<group>"; };
		899A5EB11B18F10100A080FF /* libopencv_features2d.2.4.10.dylib */ = {isa = PBXFileReference; lastKnownFileType = "compiled.mach-o.dylib"; name = libopencv_features2d.2.4.10.dylib; path = ../../../../../usr/local/lib/libopencv_features2d.2.4.10.dylib; sourceTree = "<group>"; };
		899A5EB21B18F10100A080FF /* libopencv_features2d.2.4.10.dylib */ = {isa = PBXFileReference; lastKnownFileType = "compiled.mach-o.dylib"; name = libopencv_features2d.2.4.10.dylib; path = ../../../../../usr/local/lib/libopencv_features2d.2.4.10.dylib; sourceTree = "<group>"; };
		899A5EB31B18F10100A080FF /* libopencv_features2d.2.4.10.dylib */ = {isa = PBXFileReference; lastKnownFileType = "compiled.mach-o.dylib"; name = libopencv_features2d.2.4.10.dylib; path = ../../../../../usr/local/lib/libopencv_features2d.2.4.10.dylib; sourceTree = "<group>"; };
		899A5EB41B18F10100A080FF /* libopencv_flann.2.4.10.dylib */ = {isa = PBXFileReference; lastKnownFileType = "compiled.mach-o.dylib"; name = libopencv_flann.2.4.10.dylib; path = ../../../../../usr/local/lib/libopencv_flann.2.4.10.dylib; sourceTree = "<group>"; };
		899A5EB51B18F10100A080FF /* libopencv_flann.2.4.10.dylib */ = {isa = PBXFileReference; lastKnownFileType = "compiled.mach-o.dylib"; name = libopencv_flann.2.4.10.dylib; path = ../../../../../usr/local/lib/libopencv_flann.2.4.10.dylib; sourceTree = "<group>"; };
		899A5EB61B18F10100A080FF /* libopencv_flann.2.4.10.dylib */ = {isa = PBXFileReference; lastKnownFileType = "compiled.mach-o.dylib"; name = libopencv_flann.2.4.10.dylib; path = ../../../../../usr/local/lib/libopencv_flann.2.4.10.dylib; sourceTree = "<group>"; };
		899A5EB71B18F10100A080FF /* libopencv_gpu.2.4.10.dylib */ = {isa = PBXFileReference; lastKnownFileType = "compiled.mach-o.dylib"; name = libopencv_gpu.2.4.10.dylib; path = ../../../../../usr/local/lib/libopencv_gpu.2.4.10.dylib; sourceTree = "<group>"; };
		899A5EB81B18F10100A080FF /* libopencv_gpu.2.4.10.dylib */ = {isa = PBXFileReference; lastKnownFileType = "compiled.mach-o.dylib"; name = libopencv_gpu.2.4.10.dylib; path = ../../../../../usr/local/lib/libopencv_gpu.2.4.10.dylib; sourceTree = "<group>"; };
		899A5EB91B18F10100A080FF /* libopencv_gpu.2.4.10.dylib */ = {isa = PBXFileReference; lastKnownFileType = "compiled.mach-o.dylib"; name = libopencv_gpu.2.4.10.dylib; path = ../../../../../usr/local/lib/libopencv_gpu.2.4.10.dylib; sourceTree = "<group>"; };
		899A5EBA1B18F10100A080FF /* libopencv_highgui.2.4.10.dylib */ = {isa = PBXFileReference; lastKnownFileType = "compiled.mach-o.dylib"; name = libopencv_highgui.2.4.10.dylib; path = ../../../../../usr/local/lib/libopencv_highgui.2.4.10.dylib; sourceTree = "<group>"; };
		899A5EBB1B18F10100A080FF /* libopencv_highgui.2.4.10.dylib */ = {isa = PBXFileReference; lastKnownFileType = "compiled.mach-o.dylib"; name = libopencv_highgui.2.4.10.dylib; path = ../../../../../usr/local/lib/libopencv_highgui.2.4.10.dylib; sourceTree = "<group>"; };
		899A5EBC1B18F10100A080FF /* libopencv_highgui.2.4.10.dylib */ = {isa = PBXFileReference; lastKnownFileType = "compiled.mach-o.dylib"; name = libopencv_highgui.2.4.10.dylib; path = ../../../../../usr/local/lib/libopencv_highgui.2.4.10.dylib; sourceTree = "<group>"; };
		899A5EBD1B18F10100A080FF /* libopencv_imgproc.2.4.10.dylib */ = {isa = PBXFileReference; lastKnownFileType = "compiled.mach-o.dylib"; name = libopencv_imgproc.2.4.10.dylib; path = ../../../../../usr/local/lib/libopencv_imgproc.2.4.10.dylib; sourceTree = "<group>"; };
		899A5EBE1B18F10100A080FF /* libopencv_imgproc.2.4.10.dylib */ = {isa = PBXFileReference; lastKnownFileType = "compiled.mach-o.dylib"; name = libopencv_imgproc.2.4.10.dylib; path = ../../../../../usr/local/lib/libopencv_imgproc.2.4.10.dylib; sourceTree = "<group>"; };
		899A5EBF1B18F10100A080FF /* libopencv_imgproc.2.4.10.dylib */ = {isa = PBXFileReference; lastKnownFileType = "compiled.mach-o.dylib"; name = libopencv_imgproc.2.4.10.dylib; path = ../../../../../usr/local/lib/libopencv_imgproc.2.4.10.dylib; sourceTree = "<group>"; };
		899A5EC01B18F10100A080FF /* libopencv_legacy.2.4.10.dylib */ = {isa = PBXFileReference; lastKnownFileType = "compiled.mach-o.dylib"; name = libopencv_legacy.2.4.10.dylib; path = ../../../../../usr/local/lib/libopencv_legacy.2.4.10.dylib; sourceTree = "<group>"; };
		899A5EC11B18F10100A080FF /* libopencv_legacy.2.4.10.dylib */ = {isa = PBXFileReference; lastKnownFileType = "compiled.mach-o.dylib"; name = libopencv_legacy.2.4.10.dylib; path = ../../../../../usr/local/lib/libopencv_legacy.2.4.10.dylib; sourceTree = "<group>"; };
		899A5EC21B18F10100A080FF /* libopencv_legacy.2.4.10.dylib */ = {isa = PBXFileReference; lastKnownFileType = "compiled.mach-o.dylib"; name = libopencv_legacy.2.4.10.dylib; path = ../../../../../usr/local/lib/libopencv_legacy.2.4.10.dylib; sourceTree = "<group>"; };
		899A5EC31B18F10100A080FF /* libopencv_ml.2.4.10.dylib */ = {isa = PBXFileReference; lastKnownFileType = "compiled.mach-o.dylib"; name = libopencv_ml.2.4.10.dylib; path = ../../../../../usr/local/lib/libopencv_ml.2.4.10.dylib; sourceTree = "<group>"; };
		899A5EC41B18F10100A080FF /* libopencv_ml.2.4.10.dylib */ = {isa = PBXFileReference; lastKnownFileType = "compiled.mach-o.dylib"; name = libopencv_ml.2.4.10.dylib; path = ../../../../../usr/local/lib/libopencv_ml.2.4.10.dylib; sourceTree = "<group>"; };
		899A5EC51B18F10100A080FF /* libopencv_ml.2.4.10.dylib */ = {isa = PBXFileReference; lastKnownFileType = "compiled.mach-o.dylib"; name = libopencv_ml.2.4.10.dylib; path = ../../../../../usr/local/lib/libopencv_ml.2.4.10.dylib; sourceTree = "<group>"; };
		899A5EC61B18F10100A080FF /* libopencv_nonfree.2.4.10.dylib */ = {isa = PBXFileReference; lastKnownFileType = "compiled.mach-o.dylib"; name = libopencv_nonfree.2.4.10.dylib; path = ../../../../../usr/local/lib/libopencv_nonfree.2.4.10.dylib; sourceTree = "<group>"; };
		899A5EC71B18F10100A080FF /* libopencv_nonfree.2.4.10.dylib */ = {isa = PBXFileReference; lastKnownFileType = "compiled.mach-o.dylib"; name = libopencv_nonfree.2.4.10.dylib; path = ../../../../../usr/local/lib/libopencv_nonfree.2.4.10.dylib; sourceTree = "<group>"; };
		899A5EC81B18F10100A080FF /* libopencv_nonfree.2.4.10.dylib */ = {isa = PBXFileReference; lastKnownFileType = "compiled.mach-o.dylib"; name = libopencv_nonfree.2.4.10.dylib; path = ../../../../../usr/local/lib/libopencv_nonfree.2.4.10.dylib; sourceTree = "<group>"; };
		899A5EC91B18F10100A080FF /* libopencv_objdetect.2.4.10.dylib */ = {isa = PBXFileReference; lastKnownFileType = "compiled.mach-o.dylib"; name = libopencv_objdetect.2.4.10.dylib; path = ../../../../../usr/local/lib/libopencv_objdetect.2.4.10.dylib; sourceTree = "<group>"; };
		899A5ECA1B18F10100A080FF /* libopencv_objdetect.2.4.10.dylib */ = {isa = PBXFileReference; lastKnownFileType = "compiled.mach-o.dylib"; name = libopencv_objdetect.2.4.10.dylib; path = ../../../../../usr/local/lib/libopencv_objdetect.2.4.10.dylib; sourceTree = "<group>"; };
		899A5ECB1B18F10100A080FF /* libopencv_objdetect.2.4.10.dylib */ = {isa = PBXFileReference; lastKnownFileType = "compiled.mach-o.dylib"; name = libopencv_objdetect.2.4.10.dylib; path = ../../../../../usr/local/lib/libopencv_objdetect.2.4.10.dylib; sourceTree = "<group>"; };
		899A5ECC1B18F10100A080FF /* libopencv_ocl.2.4.10.dylib */ = {isa = PBXFileReference; lastKnownFileType = "compiled.mach-o.dylib"; name = libopencv_ocl.2.4.10.dylib; path = ../../../../../usr/local/lib/libopencv_ocl.2.4.10.dylib; sourceTree = "<group>"; };
		899A5ECD1B18F10100A080FF /* libopencv_ocl.2.4.10.dylib */ = {isa = PBXFileReference; lastKnownFileType = "compiled.mach-o.dylib"; name = libopencv_ocl.2.4.10.dylib; path = ../../../../../usr/local/lib/libopencv_ocl.2.4.10.dylib; sourceTree = "<group>"; };
		899A5ECE1B18F10100A080FF /* libopencv_ocl.2.4.10.dylib */ = {isa = PBXFileReference; lastKnownFileType = "compiled.mach-o.dylib"; name = libopencv_ocl.2.4.10.dylib; path = ../../../../../usr/local/lib/libopencv_ocl.2.4.10.dylib; sourceTree = "<group>"; };
		899A5ECF1B18F10100A080FF /* libopencv_photo.2.4.10.dylib */ = {isa = PBXFileReference; lastKnownFileType = "compiled.mach-o.dylib"; name = libopencv_photo.2.4.10.dylib; path = ../../../../../usr/local/lib/libopencv_photo.2.4.10.dylib; sourceTree = "<group>"; };
		899A5ED01B18F10100A080FF /* libopencv_photo.2.4.10.dylib */ = {isa = PBXFileReference; lastKnownFileType = "compiled.mach-o.dylib"; name = libopencv_photo.2.4.10.dylib; path = ../../../../../usr/local/lib/libopencv_photo.2.4.10.dylib; sourceTree = "<group>"; };
		899A5ED11B18F10100A080FF /* libopencv_photo.2.4.10.dylib */ = {isa = PBXFileReference; lastKnownFileType = "compiled.mach-o.dylib"; name = libopencv_photo.2.4.10.dylib; path = ../../../../../usr/local/lib/libopencv_photo.2.4.10.dylib; sourceTree = "<group>"; };
		899A5ED21B18F10100A080FF /* libopencv_stitching.2.4.10.dylib */ = {isa = PBXFileReference; lastKnownFileType = "compiled.mach-o.dylib"; name = libopencv_stitching.2.4.10.dylib; path = ../../../../../usr/local/lib/libopencv_stitching.2.4.10.dylib; sourceTree = "<group>"; };
		899A5ED31B18F10100A080FF /* libopencv_stitching.2.4.10.dylib */ = {isa = PBXFileReference; lastKnownFileType = "compiled.mach-o.dylib"; name = libopencv_stitching.2.4.10.dylib; path = ../../../../../usr/local/lib/libopencv_stitching.2.4.10.dylib; sourceTree = "<group>"; };
		899A5ED41B18F10100A080FF /* libopencv_stitching.2.4.10.dylib */ = {isa = PBXFileReference; lastKnownFileType = "compiled.mach-o.dylib"; name = libopencv_stitching.2.4.10.dylib; path = ../../../../../usr/local/lib/libopencv_stitching.2.4.10.dylib; sourceTree = "<group>"; };
		899A5ED51B18F10100A080FF /* libopencv_superres.2.4.10.dylib */ = {isa = PBXFileReference; lastKnownFileType = "compiled.mach-o.dylib"; name = libopencv_superres.2.4.10.dylib; path = ../../../../../usr/local/lib/libopencv_superres.2.4.10.dylib; sourceTree = "<group>"; };
		899A5ED61B18F10100A080FF /* libopencv_superres.2.4.10.dylib */ = {isa = PBXFileReference; lastKnownFileType = "compiled.mach-o.dylib"; name = libopencv_superres.2.4.10.dylib; path = ../../../../../usr/local/lib/libopencv_superres.2.4.10.dylib; sourceTree = "<group>"; };
		899A5ED71B18F10100A080FF /* libopencv_superres.2.4.10.dylib */ = {isa = PBXFileReference; lastKnownFileType = "compiled.mach-o.dylib"; name = libopencv_superres.2.4.10.dylib; path = ../../../../../usr/local/lib/libopencv_superres.2.4.10.dylib; sourceTree = "<group>"; };
		899A5ED81B18F10100A080FF /* libopencv_ts.a */ = {isa = PBXFileReference; lastKnownFileType = archive.ar; name = libopencv_ts.a; path = ../../../../../usr/local/lib/libopencv_ts.a; sourceTree = "<group>"; };
		899A5ED91B18F10100A080FF /* libopencv_video.2.4.10.dylib */ = {isa = PBXFileReference; lastKnownFileType = "compiled.mach-o.dylib"; name = libopencv_video.2.4.10.dylib; path = ../../../../../usr/local/lib/libopencv_video.2.4.10.dylib; sourceTree = "<group>"; };
		899A5EDA1B18F10100A080FF /* libopencv_video.2.4.10.dylib */ = {isa = PBXFileReference; lastKnownFileType = "compiled.mach-o.dylib"; name = libopencv_video.2.4.10.dylib; path = ../../../../../usr/local/lib/libopencv_video.2.4.10.dylib; sourceTree = "<group>"; };
		899A5EDB1B18F10100A080FF /* libopencv_video.2.4.10.dylib */ = {isa = PBXFileReference; lastKnownFileType = "compiled.mach-o.dylib"; name = libopencv_video.2.4.10.dylib; path = ../../../../../usr/local/lib/libopencv_video.2.4.10.dylib; sourceTree = "<group>"; };
		899A5EDC1B18F10100A080FF /* libopencv_videostab.2.4.10.dylib */ = {isa = PBXFileReference; lastKnownFileType = "compiled.mach-o.dylib"; name = libopencv_videostab.2.4.10.dylib; path = ../../../../../usr/local/lib/libopencv_videostab.2.4.10.dylib; sourceTree = "<group>"; };
		899A5EDD1B18F10100A080FF /* libopencv_videostab.2.4.10.dylib */ = {isa = PBXFileReference; lastKnownFileType = "compiled.mach-o.dylib"; name = libopencv_videostab.2.4.10.dylib; path = ../../../../../usr/local/lib/libopencv_videostab.2.4.10.dylib; sourceTree = "<group>"; };
		899A5EDE1B18F10100A080FF /* libopencv_videostab.2.4.10.dylib */ = {isa = PBXFileReference; lastKnownFileType = "compiled.mach-o.dylib"; name = libopencv_videostab.2.4.10.dylib; path = ../../../../../usr/local/lib/libopencv_videostab.2.4.10.dylib; sourceTree = "<group>"; };
		899A5F451B1978DB00A080FF /* CoreVideo.framework */ = {isa = PBXFileReference; lastKnownFileType = wrapper.framework; name = CoreVideo.framework; path = System/Library/Frameworks/CoreVideo.framework; sourceTree = SDKROOT; };
		899A5F471B1978E100A080FF /* Cocoa.framework */ = {isa = PBXFileReference; lastKnownFileType = wrapper.framework; name = Cocoa.framework; path = System/Library/Frameworks/Cocoa.framework; sourceTree = SDKROOT; };
		899A5F491B1978E800A080FF /* IOKit.framework */ = {isa = PBXFileReference; lastKnownFileType = wrapper.framework; name = IOKit.framework; path = System/Library/Frameworks/IOKit.framework; sourceTree = SDKROOT; };
		899A5F4B1B19793B00A080FF /* libassimp.3.1.1.dylib */ = {isa = PBXFileReference; lastKnownFileType = "compiled.mach-o.dylib"; name = libassimp.3.1.1.dylib; path = /usr/local/lib/libassimp.3.1.1.dylib; sourceTree = "<absolute>"; };
		899A5F4C1B19793B00A080FF /* libassimp.3.1.1.dylib */ = {isa = PBXFileReference; lastKnownFileType = "compiled.mach-o.dylib"; name = libassimp.3.1.1.dylib; path = /usr/local/lib/libassimp.3.1.1.dylib; sourceTree = "<absolute>"; };
		899A5F4D1B19793B00A080FF /* libassimp.3.1.1.dylib */ = {isa = PBXFileReference; lastKnownFileType = "compiled.mach-o.dylib"; name = libassimp.3.1.1.dylib; path = /usr/local/lib/libassimp.3.1.1.dylib; sourceTree = "<absolute>"; };
		899A5F4E1B19793B00A080FF /* libglfw3.a */ = {isa = PBXFileReference; lastKnownFileType = archive.ar; name = libglfw3.a; path = /usr/local/lib/libglfw3.a; sourceTree = "<absolute>"; };
		899A5F531B19796800A080FF /* libMagick++-6.Q16.5.dylib */ = {isa = PBXFileReference; lastKnownFileType = "compiled.mach-o.dylib"; name = "libMagick++-6.Q16.5.dylib"; path = "/opt/local/lib/libMagick++-6.Q16.5.dylib"; sourceTree = "<absolute>"; };
		899A5F541B19796800A080FF /* libMagick++-6.Q16.a */ = {isa = PBXFileReference; lastKnownFileType = archive.ar; name = "libMagick++-6.Q16.a"; path = "/opt/local/lib/libMagick++-6.Q16.a"; sourceTree = "<absolute>"; };
		899A5F551B19796800A080FF /* libMagick++-6.Q16.5.dylib */ = {isa = PBXFileReference; lastKnownFileType = "compiled.mach-o.dylib"; name = "libMagick++-6.Q16.5.dylib"; path = "/opt/local/lib/libMagick++-6.Q16.5.dylib"; sourceTree = "<absolute>"; };
		899A5F561B19796800A080FF /* libMagick++-6.Q16.la */ = {isa = PBXFileReference; lastKnownFileType = text; name = "libMagick++-6.Q16.la"; path = "/opt/local/lib/libMagick++-6.Q16.la"; sourceTree = "<absolute>"; };
		899A5F571B19796800A080FF /* libMagickCore-6.Q16.2.dylib */ = {isa = PBXFileReference; lastKnownFileType = "compiled.mach-o.dylib"; name = "libMagickCore-6.Q16.2.dylib"; path = "/opt/local/lib/libMagickCore-6.Q16.2.dylib"; sourceTree = "<absolute>"; };
		899A5F581B19796800A080FF /* libMagickCore-6.Q16.a */ = {isa = PBXFileReference; lastKnownFileType = archive.ar; name = "libMagickCore-6.Q16.a"; path = "/opt/local/lib/libMagickCore-6.Q16.a"; sourceTree = "<absolute>"; };
		899A5F591B19796800A080FF /* libMagickCore-6.Q16.2.dylib */ = {isa = PBXFileReference; lastKnownFileType = "compiled.mach-o.dylib"; name = "libMagickCore-6.Q16.2.dylib"; path = "/opt/local/lib/libMagickCore-6.Q16.2.dylib"; sourceTree = "<absolute>"; };
		899A5F5A1B19796800A080FF /* libMagickCore-6.Q16.la */ = {isa = PBXFileReference; lastKnownFileType = text; name = "libMagickCore-6.Q16.la"; path = "/opt/local/lib/libMagickCore-6.Q16.la"; sourceTree = "<absolute>"; };
		899A5F5B1B19796800A080FF /* libMagickWand-6.Q16.2.dylib */ = {isa = PBXFileReference; lastKnownFileType = "compiled.mach-o.dylib"; name = "libMagickWand-6.Q16.2.dylib"; path = "/opt/local/lib/libMagickWand-6.Q16.2.dylib"; sourceTree = "<absolute>"; };
		899A5F5C1B19796800A080FF /* libMagickWand-6.Q16.a */ = {isa = PBXFileReference; lastKnownFileType = archive.ar; name = "libMagickWand-6.Q16.a"; path = "/opt/local/lib/libMagickWand-6.Q16.a"; sourceTree = "<absolute>"; };
		899A5F5D1B19796800A080FF /* libMagickWand-6.Q16.2.dylib */ = {isa = PBXFileReference; lastKnownFileType = "compiled.mach-o.dylib"; name = "libMagickWand-6.Q16.2.dylib"; path = "/opt/local/lib/libMagickWand-6.Q16.2.dylib"; sourceTree = "<absolute>"; };
		899A5F5E1B19796800A080FF /* libMagickWand-6.Q16.la */ = {isa = PBXFileReference; lastKnownFileType = text; name = "libMagickWand-6.Q16.la"; path = "/opt/local/lib/libMagickWand-6.Q16.la"; sourceTree = "<absolute>"; };
		899A5F6B1B1979E100A080FF /* OpenGL.framework */ = {isa = PBXFileReference; lastKnownFileType = wrapper.framework; name = OpenGL.framework; path = System/Library/Frameworks/OpenGL.framework; sourceTree = SDKROOT; };
		89B05AB51B264B90004D4106 /* candide3.cpp */ = {isa = PBXFileReference; fileEncoding = 4; lastKnownFileType = sourcecode.cpp.cpp; name = candide3.cpp; path = ../../../LaputaApp/Classes/Utilities/GL/candide3.cpp; sourceTree = "<group>"; };
		89B05AB61B264B90004D4106 /* candide3.h */ = {isa = PBXFileReference; fileEncoding = 4; lastKnownFileType = sourcecode.c.h; name = candide3.h; path = ../../../LaputaApp/Classes/Utilities/GL/candide3.h; sourceTree = "<group>"; };
		89B05AB71B264B90004D4106 /* candide3Texture.cpp */ = {isa = PBXFileReference; fileEncoding = 4; lastKnownFileType = sourcecode.cpp.cpp; name = candide3Texture.cpp; path = ../../../LaputaApp/Classes/Utilities/GL/candide3Texture.cpp; sourceTree = "<group>"; };
		89B05AB81B264B90004D4106 /* candide3Texture.h */ = {isa = PBXFileReference; fileEncoding = 4; lastKnownFileType = sourcecode.c.h; name = candide3Texture.h; path = ../../../LaputaApp/Classes/Utilities/GL/candide3Texture.h; sourceTree = "<group>"; };
		89B05AB91B264B90004D4106 /* color.cpp */ = {isa = PBXFileReference; fileEncoding = 4; lastKnownFileType = sourcecode.cpp.cpp; name = color.cpp; path = ../../../LaputaApp/Classes/Utilities/GL/color.cpp; sourceTree = "<group>"; };
		89B05ABA1B264B90004D4106 /* color.h */ = {isa = PBXFileReference; fileEncoding = 4; lastKnownFileType = sourcecode.c.h; name = color.h; path = ../../../LaputaApp/Classes/Utilities/GL/color.h; sourceTree = "<group>"; };
		89B05ABB1B264B90004D4106 /* err.h */ = {isa = PBXFileReference; fileEncoding = 4; lastKnownFileType = sourcecode.c.h; name = err.h; path = ../../../LaputaApp/Classes/Utilities/GL/err.h; sourceTree = "<group>"; };
		89B05AC01B264B90004D4106 /* glasses.cpp */ = {isa = PBXFileReference; fileEncoding = 4; lastKnownFileType = sourcecode.cpp.cpp; name = glasses.cpp; path = ../../../LaputaApp/Classes/Utilities/GL/glasses.cpp; sourceTree = "<group>"; };
		89B05AC11B264B90004D4106 /* glasses.h */ = {isa = PBXFileReference; fileEncoding = 4; lastKnownFileType = sourcecode.c.h; name = glasses.h; path = ../../../LaputaApp/Classes/Utilities/GL/glasses.h; sourceTree = "<group>"; };
		89B05AC21B264B90004D4106 /* glUtilities.cpp */ = {isa = PBXFileReference; fileEncoding = 4; lastKnownFileType = sourcecode.cpp.cpp; name = glUtilities.cpp; path = ../../../LaputaApp/Classes/Utilities/GL/glUtilities.cpp; sourceTree = "<group>"; };
		89B05AC31B264B90004D4106 /* glUtilities.h */ = {isa = PBXFileReference; fileEncoding = 4; lastKnownFileType = sourcecode.c.h; name = glUtilities.h; path = ../../../LaputaApp/Classes/Utilities/GL/glUtilities.h; sourceTree = "<group>"; };
		89B05AC41B264B90004D4106 /* material.h */ = {isa = PBXFileReference; fileEncoding = 4; lastKnownFileType = sourcecode.c.h; name = material.h; path = ../../../LaputaApp/Classes/Utilities/GL/material.h; sourceTree = "<group>"; };
		89B05AC51B264B90004D4106 /* matrix.c */ = {isa = PBXFileReference; fileEncoding = 4; lastKnownFileType = sourcecode.c.c; name = matrix.c; path = ../../../LaputaApp/Classes/Utilities/GL/matrix.c; sourceTree = "<group>"; };
		89B05AC61B264B90004D4106 /* matrix.h */ = {isa = PBXFileReference; fileEncoding = 4; lastKnownFileType = sourcecode.c.h; name = matrix.h; path = ../../../LaputaApp/Classes/Utilities/GL/matrix.h; sourceTree = "<group>"; };
		89B05AC71B264B90004D4106 /* mesh.cpp */ = {isa = PBXFileReference; fileEncoding = 4; lastKnownFileType = sourcecode.cpp.cpp; name = mesh.cpp; path = ../../../LaputaApp/Classes/Utilities/GL/mesh.cpp; sourceTree = "<group>"; };
		89B05AC81B264B90004D4106 /* mesh.h */ = {isa = PBXFileReference; fileEncoding = 4; lastKnownFileType = sourcecode.c.h; name = mesh.h; path = ../../../LaputaApp/Classes/Utilities/GL/mesh.h; sourceTree = "<group>"; };
		89B05AC91B264B90004D4106 /* reflectionTexture.cpp */ = {isa = PBXFileReference; fileEncoding = 4; lastKnownFileType = sourcecode.cpp.cpp; name = reflectionTexture.cpp; path = ../../../LaputaApp/Classes/Utilities/GL/reflectionTexture.cpp; sourceTree = "<group>"; };
		89B05ACA1B264B90004D4106 /* reflectionTexture.h */ = {isa = PBXFileReference; fileEncoding = 4; lastKnownFileType = sourcecode.c.h; name = reflectionTexture.h; path = ../../../LaputaApp/Classes/Utilities/GL/reflectionTexture.h; sourceTree = "<group>"; };
		89B05ACB1B264B90004D4106 /* ShaderUtilities.c */ = {isa = PBXFileReference; fileEncoding = 4; lastKnownFileType = sourcecode.c.c; name = ShaderUtilities.c; path = ../../../LaputaApp/Classes/Utilities/GL/ShaderUtilities.c; sourceTree = "<group>"; };
		89B05ACC1B264B90004D4106 /* ShaderUtilities.h */ = {isa = PBXFileReference; fileEncoding = 4; lastKnownFileType = sourcecode.c.h; name = ShaderUtilities.h; path = ../../../LaputaApp/Classes/Utilities/GL/ShaderUtilities.h; sourceTree = "<group>"; };
		89B05ACD1B264B90004D4106 /* texture.cpp */ = {isa = PBXFileReference; fileEncoding = 4; lastKnownFileType = sourcecode.cpp.cpp; name = texture.cpp; path = ../../../LaputaApp/Classes/Utilities/GL/texture.cpp; sourceTree = "<group>"; };
		89B05ACE1B264B90004D4106 /* texture.h */ = {isa = PBXFileReference; fileEncoding = 4; lastKnownFileType = sourcecode.c.h; name = texture.h; path = ../../../LaputaApp/Classes/Utilities/GL/texture.h; sourceTree = "<group>"; };
		89B05ACF1B264B90004D4106 /* unit.h */ = {isa = PBXFileReference; fileEncoding = 4; lastKnownFileType = sourcecode.c.h; name = unit.h; path = ../../../LaputaApp/Classes/Utilities/GL/unit.h; sourceTree = "<group>"; };
		89B05ADE1B26843F004D4106 /* 3dGlassesFragmentShaderGL.fsh */ = {isa = PBXFileReference; fileEncoding = 4; lastKnownFileType = sourcecode.glsl; name = 3dGlassesFragmentShaderGL.fsh; path = 3dGlasses/3dGlassesFragmentShaderGL.fsh; sourceTree = "<group>"; };
		89B05ADF1B26843F004D4106 /* 3dGlassesVertexShaderGL.vsh */ = {isa = PBXFileReference; fileEncoding = 4; lastKnownFileType = sourcecode.glsl; name = 3dGlassesVertexShaderGL.vsh; path = 3dGlasses/3dGlassesVertexShaderGL.vsh; sourceTree = "<group>"; };
/* End PBXFileReference section */

/* Begin PBXFrameworksBuildPhase section */
		25A474A218B883F40075F93D /* Frameworks */ = {
			isa = PBXFrameworksBuildPhase;
			buildActionMask = 2147483647;
			files = (
				8968D3521B19825400FAFBDC /* libMagick++-6.Q16.a in Frameworks */,
				8968D3531B19825400FAFBDC /* libMagickCore-6.Q16.a in Frameworks */,
				8968D3541B19825400FAFBDC /* libMagickWand-6.Q16.a in Frameworks */,
				899A5F6C1B1979E100A080FF /* OpenGL.framework in Frameworks */,
				899A5F4A1B1978E800A080FF /* IOKit.framework in Frameworks */,
				899A5F481B1978E100A080FF /* Cocoa.framework in Frameworks */,
				899A5F461B1978DB00A080FF /* CoreVideo.framework in Frameworks */,
				899A5F4F1B19793B00A080FF /* libassimp.3.1.1.dylib in Frameworks */,
				899A5F501B19793B00A080FF /* libassimp.3.1.1.dylib in Frameworks */,
				899A5F511B19793B00A080FF /* libassimp.3.1.1.dylib in Frameworks */,
				899A5F521B19793B00A080FF /* libglfw3.a in Frameworks */,
				899A5EE61B18F10100A080FF /* libopencv_core.2.4.10.dylib in Frameworks */,
				899A5F151B18F10200A080FF /* libopencv_videostab.2.4.10.dylib in Frameworks */,
				899A5F101B18F10200A080FF /* libopencv_video.2.4.10.dylib in Frameworks */,
				899A5EEC1B18F10100A080FF /* libopencv_flann.2.4.10.dylib in Frameworks */,
				899A5EF81B18F10100A080FF /* libopencv_legacy.2.4.10.dylib in Frameworks */,
				899A5EE31B18F10100A080FF /* libopencv_contrib.2.4.10.dylib in Frameworks */,
				899A5EF41B18F10100A080FF /* libopencv_imgproc.2.4.10.dylib in Frameworks */,
				899A5F071B18F10200A080FF /* libopencv_photo.2.4.10.dylib in Frameworks */,
				899A5EE81B18F10100A080FF /* libopencv_features2d.2.4.10.dylib in Frameworks */,
				899A5EFF1B18F10200A080FF /* libopencv_nonfree.2.4.10.dylib in Frameworks */,
				899A5F0C1B18F10200A080FF /* libopencv_superres.2.4.10.dylib in Frameworks */,
				899A5EE41B18F10100A080FF /* libopencv_contrib.2.4.10.dylib in Frameworks */,
				899A5F121B18F10200A080FF /* libopencv_video.2.4.10.dylib in Frameworks */,
				899A5EED1B18F10100A080FF /* libopencv_flann.2.4.10.dylib in Frameworks */,
				899A5F031B18F10200A080FF /* libopencv_ocl.2.4.10.dylib in Frameworks */,
				899A5EFB1B18F10200A080FF /* libopencv_ml.2.4.10.dylib in Frameworks */,
				899A5EF71B18F10100A080FF /* libopencv_legacy.2.4.10.dylib in Frameworks */,
				899A5F141B18F10200A080FF /* libopencv_videostab.2.4.10.dylib in Frameworks */,
				899A5EEB1B18F10100A080FF /* libopencv_flann.2.4.10.dylib in Frameworks */,
				899A5EF21B18F10100A080FF /* libopencv_highgui.2.4.10.dylib in Frameworks */,
				899A5EFD1B18F10200A080FF /* libopencv_nonfree.2.4.10.dylib in Frameworks */,
				899A5F0B1B18F10200A080FF /* libopencv_stitching.2.4.10.dylib in Frameworks */,
				899A5F011B18F10200A080FF /* libopencv_objdetect.2.4.10.dylib in Frameworks */,
				899A5F091B18F10200A080FF /* libopencv_stitching.2.4.10.dylib in Frameworks */,
				899A5EFC1B18F10200A080FF /* libopencv_ml.2.4.10.dylib in Frameworks */,
				899A5EEF1B18F10100A080FF /* libopencv_gpu.2.4.10.dylib in Frameworks */,
				899A5F041B18F10200A080FF /* libopencv_ocl.2.4.10.dylib in Frameworks */,
				899A5EE01B18F10100A080FF /* libopencv_calib3d.2.4.10.dylib in Frameworks */,
				899A5EF61B18F10100A080FF /* libopencv_imgproc.2.4.10.dylib in Frameworks */,
				899A5EFA1B18F10200A080FF /* libopencv_ml.2.4.10.dylib in Frameworks */,
				899A5EDF1B18F10100A080FF /* libopencv_calib3d.2.4.10.dylib in Frameworks */,
				899A5F0F1B18F10200A080FF /* libopencv_ts.a in Frameworks */,
				899A5EE51B18F10100A080FF /* libopencv_core.2.4.10.dylib in Frameworks */,
				899A5F051B18F10200A080FF /* libopencv_ocl.2.4.10.dylib in Frameworks */,
				899A5EEE1B18F10100A080FF /* libopencv_gpu.2.4.10.dylib in Frameworks */,
				899A5EE11B18F10100A080FF /* libopencv_calib3d.2.4.10.dylib in Frameworks */,
				899A5F081B18F10200A080FF /* libopencv_photo.2.4.10.dylib in Frameworks */,
				899A5F111B18F10200A080FF /* libopencv_video.2.4.10.dylib in Frameworks */,
				899A5F0A1B18F10200A080FF /* libopencv_stitching.2.4.10.dylib in Frameworks */,
				899A5EF91B18F10100A080FF /* libopencv_legacy.2.4.10.dylib in Frameworks */,
				899A5EF51B18F10100A080FF /* libopencv_imgproc.2.4.10.dylib in Frameworks */,
				899A5EF31B18F10100A080FF /* libopencv_highgui.2.4.10.dylib in Frameworks */,
				899A5EF11B18F10100A080FF /* libopencv_highgui.2.4.10.dylib in Frameworks */,
				899A5F021B18F10200A080FF /* libopencv_objdetect.2.4.10.dylib in Frameworks */,
				899A5EE71B18F10100A080FF /* libopencv_core.2.4.10.dylib in Frameworks */,
				899A5F131B18F10200A080FF /* libopencv_videostab.2.4.10.dylib in Frameworks */,
				899A5EF01B18F10100A080FF /* libopencv_gpu.2.4.10.dylib in Frameworks */,
				899A5F061B18F10200A080FF /* libopencv_photo.2.4.10.dylib in Frameworks */,
				899A5EE21B18F10100A080FF /* libopencv_contrib.2.4.10.dylib in Frameworks */,
				899A5EEA1B18F10100A080FF /* libopencv_features2d.2.4.10.dylib in Frameworks */,
				899A5F0D1B18F10200A080FF /* libopencv_superres.2.4.10.dylib in Frameworks */,
				899A5F0E1B18F10200A080FF /* libopencv_superres.2.4.10.dylib in Frameworks */,
				899A5EE91B18F10100A080FF /* libopencv_features2d.2.4.10.dylib in Frameworks */,
				899A5F001B18F10200A080FF /* libopencv_objdetect.2.4.10.dylib in Frameworks */,
				899A5EFE1B18F10200A080FF /* libopencv_nonfree.2.4.10.dylib in Frameworks */,
			);
			runOnlyForDeploymentPostprocessing = 0;
		};
/* End PBXFrameworksBuildPhase section */

/* Begin PBXGroup section */
		25A4749C18B883F40075F93D = {
			isa = PBXGroup;
			children = (
				899A5F6B1B1979E100A080FF /* OpenGL.framework */,
				899A5F491B1978E800A080FF /* IOKit.framework */,
				899A5F471B1978E100A080FF /* Cocoa.framework */,
				899A5F451B1978DB00A080FF /* CoreVideo.framework */,
				25A474A718B883F40075F93D /* VET */,
				25A474A618B883F40075F93D /* Products */,
			);
			sourceTree = "<group>";
		};
		25A474A618B883F40075F93D /* Products */ = {
			isa = PBXGroup;
			children = (
				25A474A518B883F40075F93D /* VET */,
			);
			name = Products;
			sourceTree = "<group>";
		};
		25A474A718B883F40075F93D /* VET */ = {
			isa = PBXGroup;
			children = (
				8954175F1B4D9C600058B5C9 /* jpegcompressor */,
				89B05ADD1B2683FF004D4106 /* Shaders */,
				899A5F1C1B19769000A080FF /* GL */,
				25350AD21910358100DB3E08 /* objloader.cpp */,
				25350AD31910358100DB3E08 /* objloader.hpp */,
				25C3436418B8977000B0AD8C /* lib */,
				25C3436518BD721D00B0AD8C /* main.cpp */,
				25C3437718C6C9A500B0AD8C /* main.h */,
				25C3437818C6DB7400B0AD8C /* utilities.cpp */,
				25C3437918C6DB7400B0AD8C /* utilities.h */,
			);
			path = VET;
			sourceTree = "<group>";
		};
		25C3436418B8977000B0AD8C /* lib */ = {
			isa = PBXGroup;
			children = (
				899A5F531B19796800A080FF /* libMagick++-6.Q16.5.dylib */,
				899A5F541B19796800A080FF /* libMagick++-6.Q16.a */,
				899A5F551B19796800A080FF /* libMagick++-6.Q16.5.dylib */,
				899A5F561B19796800A080FF /* libMagick++-6.Q16.la */,
				899A5F571B19796800A080FF /* libMagickCore-6.Q16.2.dylib */,
				899A5F581B19796800A080FF /* libMagickCore-6.Q16.a */,
				899A5F591B19796800A080FF /* libMagickCore-6.Q16.2.dylib */,
				899A5F5A1B19796800A080FF /* libMagickCore-6.Q16.la */,
				899A5F5B1B19796800A080FF /* libMagickWand-6.Q16.2.dylib */,
				899A5F5C1B19796800A080FF /* libMagickWand-6.Q16.a */,
				899A5F5D1B19796800A080FF /* libMagickWand-6.Q16.2.dylib */,
				899A5F5E1B19796800A080FF /* libMagickWand-6.Q16.la */,
				899A5F4B1B19793B00A080FF /* libassimp.3.1.1.dylib */,
				899A5F4C1B19793B00A080FF /* libassimp.3.1.1.dylib */,
				899A5F4D1B19793B00A080FF /* libassimp.3.1.1.dylib */,
				899A5F4E1B19793B00A080FF /* libglfw3.a */,
				899A5EA81B18F10100A080FF /* libopencv_calib3d.2.4.10.dylib */,
				899A5EA91B18F10100A080FF /* libopencv_calib3d.2.4.10.dylib */,
				899A5EAA1B18F10100A080FF /* libopencv_calib3d.2.4.10.dylib */,
				899A5EAB1B18F10100A080FF /* libopencv_contrib.2.4.10.dylib */,
				899A5EAC1B18F10100A080FF /* libopencv_contrib.2.4.10.dylib */,
				899A5EAD1B18F10100A080FF /* libopencv_contrib.2.4.10.dylib */,
				899A5EAE1B18F10100A080FF /* libopencv_core.2.4.10.dylib */,
				899A5EAF1B18F10100A080FF /* libopencv_core.2.4.10.dylib */,
				899A5EB01B18F10100A080FF /* libopencv_core.2.4.10.dylib */,
				899A5EB11B18F10100A080FF /* libopencv_features2d.2.4.10.dylib */,
				899A5EB21B18F10100A080FF /* libopencv_features2d.2.4.10.dylib */,
				899A5EB31B18F10100A080FF /* libopencv_features2d.2.4.10.dylib */,
				899A5EB41B18F10100A080FF /* libopencv_flann.2.4.10.dylib */,
				899A5EB51B18F10100A080FF /* libopencv_flann.2.4.10.dylib */,
				899A5EB61B18F10100A080FF /* libopencv_flann.2.4.10.dylib */,
				899A5EB71B18F10100A080FF /* libopencv_gpu.2.4.10.dylib */,
				899A5EB81B18F10100A080FF /* libopencv_gpu.2.4.10.dylib */,
				899A5EB91B18F10100A080FF /* libopencv_gpu.2.4.10.dylib */,
				899A5EBA1B18F10100A080FF /* libopencv_highgui.2.4.10.dylib */,
				899A5EBB1B18F10100A080FF /* libopencv_highgui.2.4.10.dylib */,
				899A5EBC1B18F10100A080FF /* libopencv_highgui.2.4.10.dylib */,
				899A5EBD1B18F10100A080FF /* libopencv_imgproc.2.4.10.dylib */,
				899A5EBE1B18F10100A080FF /* libopencv_imgproc.2.4.10.dylib */,
				899A5EBF1B18F10100A080FF /* libopencv_imgproc.2.4.10.dylib */,
				899A5EC01B18F10100A080FF /* libopencv_legacy.2.4.10.dylib */,
				899A5EC11B18F10100A080FF /* libopencv_legacy.2.4.10.dylib */,
				899A5EC21B18F10100A080FF /* libopencv_legacy.2.4.10.dylib */,
				899A5EC31B18F10100A080FF /* libopencv_ml.2.4.10.dylib */,
				899A5EC41B18F10100A080FF /* libopencv_ml.2.4.10.dylib */,
				899A5EC51B18F10100A080FF /* libopencv_ml.2.4.10.dylib */,
				899A5EC61B18F10100A080FF /* libopencv_nonfree.2.4.10.dylib */,
				899A5EC71B18F10100A080FF /* libopencv_nonfree.2.4.10.dylib */,
				899A5EC81B18F10100A080FF /* libopencv_nonfree.2.4.10.dylib */,
				899A5EC91B18F10100A080FF /* libopencv_objdetect.2.4.10.dylib */,
				899A5ECA1B18F10100A080FF /* libopencv_objdetect.2.4.10.dylib */,
				899A5ECB1B18F10100A080FF /* libopencv_objdetect.2.4.10.dylib */,
				899A5ECC1B18F10100A080FF /* libopencv_ocl.2.4.10.dylib */,
				899A5ECD1B18F10100A080FF /* libopencv_ocl.2.4.10.dylib */,
				899A5ECE1B18F10100A080FF /* libopencv_ocl.2.4.10.dylib */,
				899A5ECF1B18F10100A080FF /* libopencv_photo.2.4.10.dylib */,
				899A5ED01B18F10100A080FF /* libopencv_photo.2.4.10.dylib */,
				899A5ED11B18F10100A080FF /* libopencv_photo.2.4.10.dylib */,
				899A5ED21B18F10100A080FF /* libopencv_stitching.2.4.10.dylib */,
				899A5ED31B18F10100A080FF /* libopencv_stitching.2.4.10.dylib */,
				899A5ED41B18F10100A080FF /* libopencv_stitching.2.4.10.dylib */,
				899A5ED51B18F10100A080FF /* libopencv_superres.2.4.10.dylib */,
				899A5ED61B18F10100A080FF /* libopencv_superres.2.4.10.dylib */,
				899A5ED71B18F10100A080FF /* libopencv_superres.2.4.10.dylib */,
				899A5ED81B18F10100A080FF /* libopencv_ts.a */,
				899A5ED91B18F10100A080FF /* libopencv_video.2.4.10.dylib */,
				899A5EDA1B18F10100A080FF /* libopencv_video.2.4.10.dylib */,
				899A5EDB1B18F10100A080FF /* libopencv_video.2.4.10.dylib */,
				899A5EDC1B18F10100A080FF /* libopencv_videostab.2.4.10.dylib */,
				899A5EDD1B18F10100A080FF /* libopencv_videostab.2.4.10.dylib */,
				899A5EDE1B18F10100A080FF /* libopencv_videostab.2.4.10.dylib */,
			);
			name = lib;
			sourceTree = "<group>";
		};
		8954175F1B4D9C600058B5C9 /* jpegcompressor */ = {
			isa = PBXGroup;
			children = (
				895417631B4D9C910058B5C9 /* jpge.cpp */,
				895417641B4D9C910058B5C9 /* jpge.h */,
				895417671B4D9C910058B5C9 /* timer.cpp */,
				895417681B4D9C910058B5C9 /* timer.h */,
			);
			name = jpegcompressor;
			sourceTree = "<group>";
		};
		899A5F1C1B19769000A080FF /* GL */ = {
			isa = PBXGroup;
			children = (
				895417741B4DC3180058B5C9 /* platform.h */,
				89B05AB51B264B90004D4106 /* candide3.cpp */,
				89B05AB61B264B90004D4106 /* candide3.h */,
				89B05AB71B264B90004D4106 /* candide3Texture.cpp */,
				89B05AB81B264B90004D4106 /* candide3Texture.h */,
				89B05AB91B264B90004D4106 /* color.cpp */,
				89B05ABA1B264B90004D4106 /* color.h */,
				89B05ABB1B264B90004D4106 /* err.h */,
				89B05AC01B264B90004D4106 /* glasses.cpp */,
				89B05AC11B264B90004D4106 /* glasses.h */,
				89B05AC21B264B90004D4106 /* glUtilities.cpp */,
				89B05AC31B264B90004D4106 /* glUtilities.h */,
				89B05AC41B264B90004D4106 /* material.h */,
				89B05AC51B264B90004D4106 /* matrix.c */,
				89B05AC61B264B90004D4106 /* matrix.h */,
				89B05AC71B264B90004D4106 /* mesh.cpp */,
				89B05AC81B264B90004D4106 /* mesh.h */,
				89B05AC91B264B90004D4106 /* reflectionTexture.cpp */,
				89B05ACA1B264B90004D4106 /* reflectionTexture.h */,
				89B05ACB1B264B90004D4106 /* ShaderUtilities.c */,
				89B05ACC1B264B90004D4106 /* ShaderUtilities.h */,
				89B05ACD1B264B90004D4106 /* texture.cpp */,
				89B05ACE1B264B90004D4106 /* texture.h */,
				89B05ACF1B264B90004D4106 /* unit.h */,
			);
			name = GL;
			sourceTree = "<group>";
		};
		89B05ADD1B2683FF004D4106 /* Shaders */ = {
			isa = PBXGroup;
			children = (
				89B05ADE1B26843F004D4106 /* 3dGlassesFragmentShaderGL.fsh */,
				89B05ADF1B26843F004D4106 /* 3dGlassesVertexShaderGL.vsh */,
			);
			name = Shaders;
			sourceTree = "<group>";
		};
/* End PBXGroup section */

/* Begin PBXNativeTarget section */
		25A474A418B883F40075F93D /* VET */ = {
			isa = PBXNativeTarget;
			buildConfigurationList = 25A474AE18B883F40075F93D /* Build configuration list for PBXNativeTarget "VET" */;
			buildPhases = (
				25A474A118B883F40075F93D /* Sources */,
				25A474A218B883F40075F93D /* Frameworks */,
				25A474A318B883F40075F93D /* CopyFiles */,
			);
			buildRules = (
			);
			dependencies = (
			);
			name = VET;
			productName = VET;
			productReference = 25A474A518B883F40075F93D /* VET */;
			productType = "com.apple.product-type.tool";
		};
/* End PBXNativeTarget section */

/* Begin PBXProject section */
		25A4749D18B883F40075F93D /* Project object */ = {
			isa = PBXProject;
			attributes = {
				LastUpgradeCheck = 0460;
				ORGANIZATIONNAME = Xingze;
			};
			buildConfigurationList = 25A474A018B883F40075F93D /* Build configuration list for PBXProject "VET" */;
			compatibilityVersion = "Xcode 3.2";
			developmentRegion = English;
			hasScannedForEncodings = 0;
			knownRegions = (
				en,
			);
			mainGroup = 25A4749C18B883F40075F93D;
			productRefGroup = 25A474A618B883F40075F93D /* Products */;
			projectDirPath = "";
			projectRoot = "";
			targets = (
				25A474A418B883F40075F93D /* VET */,
			);
		};
/* End PBXProject section */

/* Begin PBXSourcesBuildPhase section */
		25A474A118B883F40075F93D /* Sources */ = {
			isa = PBXSourcesBuildPhase;
			buildActionMask = 2147483647;
			files = (
				89B05AD01B264B90004D4106 /* candide3.cpp in Sources */,
				25C3436618BD721D00B0AD8C /* main.cpp in Sources */,
				89B05AD81B264B90004D4106 /* mesh.cpp in Sources */,
				89B05ADA1B264B90004D4106 /* ShaderUtilities.c in Sources */,
				89B05AD51B264B90004D4106 /* glasses.cpp in Sources */,
				25C3437A18C6DB7400B0AD8C /* utilities.cpp in Sources */,
				89B05AD71B264B90004D4106 /* matrix.c in Sources */,
				89B05ADB1B264B90004D4106 /* texture.cpp in Sources */,
				8954176A1B4D9C910058B5C9 /* jpge.cpp in Sources */,
				89B05AD91B264B90004D4106 /* reflectionTexture.cpp in Sources */,
				89B05AD21B264B90004D4106 /* color.cpp in Sources */,
				89B05AD11B264B90004D4106 /* candide3Texture.cpp in Sources */,
				25350AD41910358100DB3E08 /* objloader.cpp in Sources */,
				89B05AD61B264B90004D4106 /* glUtilities.cpp in Sources */,
				8954176D1B4D9C910058B5C9 /* timer.cpp in Sources */,
			);
			runOnlyForDeploymentPostprocessing = 0;
		};
/* End PBXSourcesBuildPhase section */

/* Begin XCBuildConfiguration section */
		25A474AC18B883F40075F93D /* Debug */ = {
			isa = XCBuildConfiguration;
			buildSettings = {
				ALWAYS_SEARCH_USER_PATHS = NO;
				ARCHS = "$(ARCHS_STANDARD)";
				CLANG_CXX_LANGUAGE_STANDARD = "gnu++0x";
				CLANG_CXX_LIBRARY = "libc++";
				CLANG_ENABLE_OBJC_ARC = YES;
				CLANG_WARN_CONSTANT_CONVERSION = YES;
				CLANG_WARN_EMPTY_BODY = YES;
				CLANG_WARN_ENUM_CONVERSION = YES;
				CLANG_WARN_INT_CONVERSION = YES;
				CLANG_WARN__DUPLICATE_METHOD_MATCH = YES;
				COPY_PHASE_STRIP = NO;
				GCC_C_LANGUAGE_STANDARD = gnu99;
				GCC_DYNAMIC_NO_PIC = NO;
				GCC_ENABLE_OBJC_EXCEPTIONS = YES;
				GCC_OPTIMIZATION_LEVEL = 0;
				GCC_PREPROCESSOR_DEFINITIONS = (
					"DEBUG=1",
					"$(inherited)",
				);
				GCC_SYMBOLS_PRIVATE_EXTERN = NO;
				GCC_WARN_64_TO_32_BIT_CONVERSION = YES;
				GCC_WARN_ABOUT_RETURN_TYPE = YES;
				GCC_WARN_UNINITIALIZED_AUTOS = YES;
				GCC_WARN_UNUSED_VARIABLE = YES;
				"HEADER_SEARCH_PATHS[arch=*]" = /usr/local/include;
				MACOSX_DEPLOYMENT_TARGET = 10.8;
				ONLY_ACTIVE_ARCH = YES;
				SDKROOT = "";
			};
			name = Debug;
		};
		25A474AD18B883F40075F93D /* Release */ = {
			isa = XCBuildConfiguration;
			buildSettings = {
				ALWAYS_SEARCH_USER_PATHS = NO;
				ARCHS = "$(ARCHS_STANDARD)";
				CLANG_CXX_LANGUAGE_STANDARD = "gnu++0x";
				CLANG_CXX_LIBRARY = "libc++";
				CLANG_ENABLE_OBJC_ARC = YES;
				CLANG_WARN_CONSTANT_CONVERSION = YES;
				CLANG_WARN_EMPTY_BODY = YES;
				CLANG_WARN_ENUM_CONVERSION = YES;
				CLANG_WARN_INT_CONVERSION = YES;
				CLANG_WARN__DUPLICATE_METHOD_MATCH = YES;
				COPY_PHASE_STRIP = YES;
				DEBUG_INFORMATION_FORMAT = "dwarf-with-dsym";
				GCC_C_LANGUAGE_STANDARD = gnu99;
				GCC_ENABLE_OBJC_EXCEPTIONS = YES;
				GCC_WARN_64_TO_32_BIT_CONVERSION = YES;
				GCC_WARN_ABOUT_RETURN_TYPE = YES;
				GCC_WARN_UNINITIALIZED_AUTOS = YES;
				GCC_WARN_UNUSED_VARIABLE = YES;
				"HEADER_SEARCH_PATHS[arch=*]" = /usr/local/include;
				MACOSX_DEPLOYMENT_TARGET = 10.8;
				SDKROOT = "";
			};
			name = Release;
		};
		25A474AF18B883F40075F93D /* Debug */ = {
			isa = XCBuildConfiguration;
			buildSettings = {
				ALWAYS_SEARCH_USER_PATHS = YES;
				ARCHS = "$(ARCHS_STANDARD)";
				CLANG_CXX_LANGUAGE_STANDARD = "gnu++0x";
				CLANG_CXX_LIBRARY = "libc++";
				GCC_C_LANGUAGE_STANDARD = gnu99;
				HEADER_SEARCH_PATHS = (
					/Applications/Xcode.app/Contents/Developer/Toolchains/XcodeDefault.xctoolchain/usr/include,
					/usr/local/include,
					"/opt/local/include/ImageMagick-6",
					/Users/howard/AR/LaputaApp/thirdpartylib/glm,
				);
				LIBRARY_SEARCH_PATHS = (
					/usr/local/lib,
					/opt/local/lib,
				);
				"LIBRARY_SEARCH_PATHS[arch=*]" = (
					/usr/local/lib,
					/opt/local/lib,
				);
				MACOSX_DEPLOYMENT_TARGET = 10.8;
				PRODUCT_NAME = "$(TARGET_NAME)";
			};
			name = Debug;
		};
		25A474B018B883F40075F93D /* Release */ = {
			isa = XCBuildConfiguration;
			buildSettings = {
				ALWAYS_SEARCH_USER_PATHS = YES;
				ARCHS = "$(ARCHS_STANDARD)";
				CLANG_CXX_LANGUAGE_STANDARD = "gnu++0x";
				CLANG_CXX_LIBRARY = "libc++";
				GCC_C_LANGUAGE_STANDARD = gnu99;
				HEADER_SEARCH_PATHS = (
					/Applications/Xcode.app/Contents/Developer/Toolchains/XcodeDefault.xctoolchain/usr/include,
					"/opt/local/include/ImageMagick-6",
					/Users/howard/AR/LaputaApp/thirdpartylib/glm,
					/usr/local/include,
				);
				LIBRARY_SEARCH_PATHS = (
					/usr/local/lib,
					/opt/local/lib,
				);
				"LIBRARY_SEARCH_PATHS[arch=*]" = (
					/usr/local/lib,
					/opt/local/lib,
				);
				MACOSX_DEPLOYMENT_TARGET = 10.8;
				PRODUCT_NAME = "$(TARGET_NAME)";
			};
			name = Release;
		};
/* End XCBuildConfiguration section */

/* Begin XCConfigurationList section */
		25A474A018B883F40075F93D /* Build configuration list for PBXProject "VET" */ = {
			isa = XCConfigurationList;
			buildConfigurations = (
				25A474AC18B883F40075F93D /* Debug */,
				25A474AD18B883F40075F93D /* Release */,
			);
			defaultConfigurationIsVisible = 0;
			defaultConfigurationName = Release;
		};
		25A474AE18B883F40075F93D /* Build configuration list for PBXNativeTarget "VET" */ = {
			isa = XCConfigurationList;
			buildConfigurations = (
				25A474AF18B883F40075F93D /* Debug */,
				25A474B018B883F40075F93D /* Release */,
			);
			defaultConfigurationIsVisible = 0;
			defaultConfigurationName = Release;
		};
/* End XCConfigurationList section */
	};
	rootObject = 25A4749D18B883F40075F93D /* Project object */;
}
